// !$*UTF8*$!
{
	archiveVersion = 1;
	classes = {
	};
	objectVersion = 46;
	objects = {

/* Begin PBXBuildFile section */
		75086771174E9C89004DAAA9 /* bg.png in Resources */ = {isa = PBXBuildFile; fileRef = 75086770174E9C89004DAAA9 /* bg.png */; };
		7512BF8216C1F7F800B222C0 /* PiernasTableSubView.m in Sources */ = {isa = PBXBuildFile; fileRef = 7512BF8116C1F7F800B222C0 /* PiernasTableSubView.m */; };
		7512BF8616C2041800B222C0 /* PiernasCell2.m in Sources */ = {isa = PBXBuildFile; fileRef = 7512BF8516C2041800B222C0 /* PiernasCell2.m */; };
		7512BF8916C2145300B222C0 /* ArmamentoTableSubView.m in Sources */ = {isa = PBXBuildFile; fileRef = 7512BF8816C2145300B222C0 /* ArmamentoTableSubView.m */; };
		7512BF8C16C2149A00B222C0 /* ArmamentoCell.m in Sources */ = {isa = PBXBuildFile; fileRef = 7512BF8B16C2149A00B222C0 /* ArmamentoCell.m */; };
		7512BF8F16C2175B00B222C0 /* TripulacionCell.m in Sources */ = {isa = PBXBuildFile; fileRef = 7512BF8E16C2175B00B222C0 /* TripulacionCell.m */; };
		7512BF9216C217F800B222C0 /* TripulacionTableSubView.m in Sources */ = {isa = PBXBuildFile; fileRef = 7512BF9116C217F800B222C0 /* TripulacionTableSubView.m */; };
		7512BFD316C4912000B222C0 /* ArmamentosImpactados.m in Sources */ = {isa = PBXBuildFile; fileRef = 7512BFD216C4912000B222C0 /* ArmamentosImpactados.m */; };
		7512BFD616C497EF00B222C0 /* TipoOperacion.m in Sources */ = {isa = PBXBuildFile; fileRef = 7512BFD516C497EE00B222C0 /* TipoOperacion.m */; };
		7512BFD916C497FB00B222C0 /* Plan.m in Sources */ = {isa = PBXBuildFile; fileRef = 7512BFD816C497FA00B222C0 /* Plan.m */; };
		7512BFDC16C4982D00B222C0 /* Unidades.m in Sources */ = {isa = PBXBuildFile; fileRef = 7512BFDB16C4982D00B222C0 /* Unidades.m */; };
		7512BFDF16C4983F00B222C0 /* Maniobra.m in Sources */ = {isa = PBXBuildFile; fileRef = 7512BFDE16C4983E00B222C0 /* Maniobra.m */; };
		7512BFE216C4985200B222C0 /* Operacion.m in Sources */ = {isa = PBXBuildFile; fileRef = 7512BFE116C4985100B222C0 /* Operacion.m */; };
		7512BFE516C4998400B222C0 /* Lista.m in Sources */ = {isa = PBXBuildFile; fileRef = 7512BFE416C4998300B222C0 /* Lista.m */; };
		7512BFE816C4A57800B222C0 /* Grupo.m in Sources */ = {isa = PBXBuildFile; fileRef = 7512BFE716C4A57700B222C0 /* Grupo.m */; };
		7512BFEB16C4B0C900B222C0 /* Enemigo.m in Sources */ = {isa = PBXBuildFile; fileRef = 7512BFEA16C4B0C800B222C0 /* Enemigo.m */; };
		7512BFEE16C4B0D900B222C0 /* Objetivo.m in Sources */ = {isa = PBXBuildFile; fileRef = 7512BFED16C4B0D600B222C0 /* Objetivo.m */; };
		7514A49716C548850093F58C /* Entidad.m in Sources */ = {isa = PBXBuildFile; fileRef = 7514A49616C548850093F58C /* Entidad.m */; };
		7515A4CF164C327A00504C23 /* DocumentViewerController.m in Sources */ = {isa = PBXBuildFile; fileRef = 7515A4CE164C327A00504C23 /* DocumentViewerController.m */; };
		7540121A1816016100EE43AD /* downArrowBlack.png in Resources */ = {isa = PBXBuildFile; fileRef = 754012181816016100EE43AD /* downArrowBlack.png */; };
		7540121B1816016100EE43AD /* upArrowBlack.png in Resources */ = {isa = PBXBuildFile; fileRef = 754012191816016100EE43AD /* upArrowBlack.png */; };
		754012251816E6A700EE43AD /* AESCrypt.m in Sources */ = {isa = PBXBuildFile; fileRef = 7540121E1816E6A700EE43AD /* AESCrypt.m */; };
		754012261816E6A700EE43AD /* NSData+Base64.m in Sources */ = {isa = PBXBuildFile; fileRef = 754012201816E6A700EE43AD /* NSData+Base64.m */; };
		754012271816E6A700EE43AD /* NSData+CommonCrypto.m in Sources */ = {isa = PBXBuildFile; fileRef = 754012221816E6A700EE43AD /* NSData+CommonCrypto.m */; };
		754012281816E6A700EE43AD /* NSString+Base64.m in Sources */ = {isa = PBXBuildFile; fileRef = 754012241816E6A700EE43AD /* NSString+Base64.m */; };
		754E95111630D15A002FEB37 /* UIKit.framework in Frameworks */ = {isa = PBXBuildFile; fileRef = 754E95101630D15A002FEB37 /* UIKit.framework */; };
		754E95131630D15A002FEB37 /* Foundation.framework in Frameworks */ = {isa = PBXBuildFile; fileRef = 754E95121630D15A002FEB37 /* Foundation.framework */; };
		754E95151630D15A002FEB37 /* CoreGraphics.framework in Frameworks */ = {isa = PBXBuildFile; fileRef = 754E95141630D15A002FEB37 /* CoreGraphics.framework */; };
		754E951B1630D15A002FEB37 /* InfoPlist.strings in Resources */ = {isa = PBXBuildFile; fileRef = 754E95191630D15A002FEB37 /* InfoPlist.strings */; };
		754E951D1630D15A002FEB37 /* main.m in Sources */ = {isa = PBXBuildFile; fileRef = 754E951C1630D15A002FEB37 /* main.m */; };
		754E95211630D15A002FEB37 /* AppDelegate.m in Sources */ = {isa = PBXBuildFile; fileRef = 754E95201630D15A002FEB37 /* AppDelegate.m */; };
		754E95231630D15A002FEB37 /* Default.png in Resources */ = {isa = PBXBuildFile; fileRef = 754E95221630D15A002FEB37 /* Default.png */; };
		754E95251630D15A002FEB37 /* Default@2x.png in Resources */ = {isa = PBXBuildFile; fileRef = 754E95241630D15A002FEB37 /* Default@2x.png */; };
		754E95271630D15A002FEB37 /* Default-568h@2x.png in Resources */ = {isa = PBXBuildFile; fileRef = 754E95261630D15A002FEB37 /* Default-568h@2x.png */; };
		754E952A1630D15A002FEB37 /* MainStoryboard.storyboard in Resources */ = {isa = PBXBuildFile; fileRef = 754E95281630D15A002FEB37 /* MainStoryboard.storyboard */; };
		754E952D1630D15A002FEB37 /* LoginViewController.m in Sources */ = {isa = PBXBuildFile; fileRef = 754E952C1630D15A002FEB37 /* LoginViewController.m */; };
		754E95351630D15A002FEB37 /* SenTestingKit.framework in Frameworks */ = {isa = PBXBuildFile; fileRef = 754E95341630D15A002FEB37 /* SenTestingKit.framework */; };
		754E95361630D15A002FEB37 /* UIKit.framework in Frameworks */ = {isa = PBXBuildFile; fileRef = 754E95101630D15A002FEB37 /* UIKit.framework */; };
		754E95371630D15A002FEB37 /* Foundation.framework in Frameworks */ = {isa = PBXBuildFile; fileRef = 754E95121630D15A002FEB37 /* Foundation.framework */; };
		754E953F1630D15A002FEB37 /* InfoPlist.strings in Resources */ = {isa = PBXBuildFile; fileRef = 754E953D1630D15A002FEB37 /* InfoPlist.strings */; };
		754E95421630D15A002FEB37 /* FuerzaAereaTests.m in Sources */ = {isa = PBXBuildFile; fileRef = 754E95411630D15A002FEB37 /* FuerzaAereaTests.m */; };
		7552345C164045AE00D541DB /* ServerCommunicator.m in Sources */ = {isa = PBXBuildFile; fileRef = 7552345B164045AD00D541DB /* ServerCommunicator.m */; };
		75523461164045C600D541DB /* XMLReader.m in Sources */ = {isa = PBXBuildFile; fileRef = 75523460164045C600D541DB /* XMLReader.m */; settings = {COMPILER_FLAGS = "-fno-objc-arc"; }; };
		7553185B164BFD7700B176A2 /* NSObject+SBJSON.m in Sources */ = {isa = PBXBuildFile; fileRef = 75531850164BFD7700B176A2 /* NSObject+SBJSON.m */; settings = {COMPILER_FLAGS = "-fno-objc-arc"; }; };
		7553185C164BFD7700B176A2 /* NSString+SBJSON.m in Sources */ = {isa = PBXBuildFile; fileRef = 75531852164BFD7700B176A2 /* NSString+SBJSON.m */; settings = {COMPILER_FLAGS = "-fno-objc-arc"; }; };
		7553185D164BFD7700B176A2 /* SBJSON.m in Sources */ = {isa = PBXBuildFile; fileRef = 75531854164BFD7700B176A2 /* SBJSON.m */; settings = {COMPILER_FLAGS = "-fno-objc-arc"; }; };
		7553185E164BFD7700B176A2 /* SBJsonBase.m in Sources */ = {isa = PBXBuildFile; fileRef = 75531856164BFD7700B176A2 /* SBJsonBase.m */; settings = {COMPILER_FLAGS = "-fno-objc-arc"; }; };
		7553185F164BFD7700B176A2 /* SBJsonParser.m in Sources */ = {isa = PBXBuildFile; fileRef = 75531858164BFD7700B176A2 /* SBJsonParser.m */; settings = {COMPILER_FLAGS = "-fno-objc-arc"; }; };
		75531860164BFD7700B176A2 /* SBJsonWriter.m in Sources */ = {isa = PBXBuildFile; fileRef = 7553185A164BFD7700B176A2 /* SBJsonWriter.m */; settings = {COMPILER_FLAGS = "-fno-objc-arc"; }; };
		7556FE72167A8FAA00891508 /* IAmCoder.m in Sources */ = {isa = PBXBuildFile; fileRef = 7556FE71167A8FAA00891508 /* IAmCoder.m */; };
		7556FE7A167AC86700891508 /* FileDownloader.m in Sources */ = {isa = PBXBuildFile; fileRef = 7556FE79167AC86700891508 /* FileDownloader.m */; };
		7556FE7C167AD8C900891508 /* ppticon.png in Resources */ = {isa = PBXBuildFile; fileRef = 7556FE7B167AD8C900891508 /* ppticon.png */; };
		7556FE7E167AD8EE00891508 /* docicon.png in Resources */ = {isa = PBXBuildFile; fileRef = 7556FE7D167AD8EE00891508 /* docicon.png */; };
		7556FE80167AD92300891508 /* pdficon.png in Resources */ = {isa = PBXBuildFile; fileRef = 7556FE7F167AD92300891508 /* pdficon.png */; };
		755F9F2316534D6E0002266B /* ImageDownloader.m in Sources */ = {isa = PBXBuildFile; fileRef = 755F9F2216534D6E0002266B /* ImageDownloader.m */; };
		755F9F2E16543A4E0002266B /* pdf.pdf in Resources */ = {isa = PBXBuildFile; fileRef = 755F9F2D16543A4E0002266B /* pdf.pdf */; };
		755F9F3E16548A2B0002266B /* DeviceInfo.m in Sources */ = {isa = PBXBuildFile; fileRef = 755F9F3D16548A2B0002266B /* DeviceInfo.m */; };
		755F9F4016548A5B0002266B /* CoreTelephony.framework in Frameworks */ = {isa = PBXBuildFile; fileRef = 755F9F3F16548A5B0002266B /* CoreTelephony.framework */; };
		755F9F4716548AD40002266B /* MBProgressHud.m in Sources */ = {isa = PBXBuildFile; fileRef = 755F9F4616548AD40002266B /* MBProgressHud.m */; };
		755F9F5E16555F3D0002266B /* DetailViewController.m in Sources */ = {isa = PBXBuildFile; fileRef = 755F9F5D16555F3C0002266B /* DetailViewController.m */; };
		755F9F64165594560002266B /* QuartzCore.framework in Frameworks */ = {isa = PBXBuildFile; fileRef = 755F9F63165594550002266B /* QuartzCore.framework */; };
		757352C516E04C5A0001F5EA /* logo-maletin.png in Resources */ = {isa = PBXBuildFile; fileRef = 757352C416E04C5A0001F5EA /* logo-maletin.png */; };
		757352C716E04C710001F5EA /* logo-maletin2.png in Resources */ = {isa = PBXBuildFile; fileRef = 757352C616E04C710001F5EA /* logo-maletin2.png */; };
		7573642216ADB85F00445CB0 /* RegistroDeVueloViewController.m in Sources */ = {isa = PBXBuildFile; fileRef = 7573642116ADB85F00445CB0 /* RegistroDeVueloViewController.m */; };
		7573642F16AF708300445CB0 /* CeldaItinerario.m in Sources */ = {isa = PBXBuildFile; fileRef = 7573642E16AF708300445CB0 /* CeldaItinerario.m */; };
		7573644816B5ACA800445CB0 /* CeldaCondiciones.m in Sources */ = {isa = PBXBuildFile; fileRef = 7573644716B5ACA800445CB0 /* CeldaCondiciones.m */; };
		7575CA4216729C510078E354 /* FileSaver.m in Sources */ = {isa = PBXBuildFile; fileRef = 7575CA4116729C510078E354 /* FileSaver.m */; };
		758711A61680142800FEC282 /* fuerza.jpeg in Resources */ = {isa = PBXBuildFile; fileRef = 758711A51680142800FEC282 /* fuerza.jpeg */; };
		758711A91680C1B900FEC282 /* atras.png in Resources */ = {isa = PBXBuildFile; fileRef = 758711A81680C1B900FEC282 /* atras.png */; };
		758711AB1680CCEA00FEC282 /* jpg.png in Resources */ = {isa = PBXBuildFile; fileRef = 758711AA1680CCEA00FEC282 /* jpg.png */; };
		75926CF2166419D100B3CDD5 /* Notam.m in Sources */ = {isa = PBXBuildFile; fileRef = 75926CF1166419D100B3CDD5 /* Notam.m */; };
		75926CF6166419E000B3CDD5 /* Metar.m in Sources */ = {isa = PBXBuildFile; fileRef = 75926CF5166419E000B3CDD5 /* Metar.m */; };
		75A1D2D516B9C6E60013B48A /* CeldaArmamento.m in Sources */ = {isa = PBXBuildFile; fileRef = 75A1D2D416B9C6E60013B48A /* CeldaArmamento.m */; };
		75A1D2D916B9E4F30013B48A /* CeldaTripulacion.m in Sources */ = {isa = PBXBuildFile; fileRef = 75A1D2D816B9E4F30013B48A /* CeldaTripulacion.m */; };
		75A1D2DD16BA1B080013B48A /* FaseVuelo.m in Sources */ = {isa = PBXBuildFile; fileRef = 75A1D2DC16BA1B080013B48A /* FaseVuelo.m */; };
		75A1D2E016BA2D030013B48A /* Departamentos.m in Sources */ = {isa = PBXBuildFile; fileRef = 75A1D2DF16BA2D030013B48A /* Departamentos.m */; };
		75A1D2E716BA30E40013B48A /* Municipios.m in Sources */ = {isa = PBXBuildFile; fileRef = 75A1D2E616BA30E40013B48A /* Municipios.m */; };
		75A1D2EB16BA32F90013B48A /* Armamentos.m in Sources */ = {isa = PBXBuildFile; fileRef = 75A1D2EA16BA32F90013B48A /* Armamentos.m */; };
		75A1D2EE16BB14B60013B48A /* VistaListadoArmamento.m in Sources */ = {isa = PBXBuildFile; fileRef = 75A1D2ED16BB14B60013B48A /* VistaListadoArmamento.m */; };
		75A1D2F216BB25B20013B48A /* CheckView.m in Sources */ = {isa = PBXBuildFile; fileRef = 75A1D2F116BB25B20013B48A /* CheckView.m */; };
		75A746A916408FA700B30657 /* DashBoardViewController.m in Sources */ = {isa = PBXBuildFile; fileRef = 75A746A816408FA700B30657 /* DashBoardViewController.m */; };
		75A746AB1640B7D000B30657 /* SystemConfiguration.framework in Frameworks */ = {isa = PBXBuildFile; fileRef = 75A746AA1640B7D000B30657 /* SystemConfiguration.framework */; };
		75A95A1D166ED6F80012CFA5 /* Principal.m in Sources */ = {isa = PBXBuildFile; fileRef = 75A95A1C166ED6F80012CFA5 /* Principal.m */; };
		75A95A20166ED7030012CFA5 /* Tripulacion.m in Sources */ = {isa = PBXBuildFile; fileRef = 75A95A1F166ED7030012CFA5 /* Tripulacion.m */; };
		75A95A23166ED70A0012CFA5 /* Piernas.m in Sources */ = {isa = PBXBuildFile; fileRef = 75A95A22166ED70A0012CFA5 /* Piernas.m */; };
		75A95A26166ED7190012CFA5 /* Armamento.m in Sources */ = {isa = PBXBuildFile; fileRef = 75A95A25166ED7190012CFA5 /* Armamento.m */; };
		75A95A29166EDA390012CFA5 /* ModeladorDeOrdenDeVuelo.m in Sources */ = {isa = PBXBuildFile; fileRef = 75A95A28166EDA390012CFA5 /* ModeladorDeOrdenDeVuelo.m */; };
		75A95A2C166EF7A00012CFA5 /* SerializadorOV.m in Sources */ = {isa = PBXBuildFile; fileRef = 75A95A2B166EF7A00012CFA5 /* SerializadorOV.m */; };
		75B6442317EBDDD000E3FA38 /* ZoomViewController.m in Sources */ = {isa = PBXBuildFile; fileRef = 75B6442217EBDDD000E3FA38 /* ZoomViewController.m */; };
		75DB41EC167962FA00F58DED /* Archivo.m in Sources */ = {isa = PBXBuildFile; fileRef = 75DB41EB167962FA00F58DED /* Archivo.m */; };
		75DE9F6016EBCDF0004AC7E3 /* Usuario.m in Sources */ = {isa = PBXBuildFile; fileRef = 75DE9F5F16EBCDF0004AC7E3 /* Usuario.m */; };
		75DE9F6316EBECC7004AC7E3 /* AdminViewController.m in Sources */ = {isa = PBXBuildFile; fileRef = 75DE9F6216EBECC7004AC7E3 /* AdminViewController.m */; };
		75DE9F6C16EEBAE8004AC7E3 /* 0.jpg in Resources */ = {isa = PBXBuildFile; fileRef = 75DE9F6516EEBAE8004AC7E3 /* 0.jpg */; };
		75DE9F6D16EEBAE8004AC7E3 /* 1.jpg in Resources */ = {isa = PBXBuildFile; fileRef = 75DE9F6616EEBAE8004AC7E3 /* 1.jpg */; };
		75DE9F6E16EEBAE8004AC7E3 /* 2.jpg in Resources */ = {isa = PBXBuildFile; fileRef = 75DE9F6716EEBAE8004AC7E3 /* 2.jpg */; };
		75DE9F6F16EEBAE8004AC7E3 /* 3.jpg in Resources */ = {isa = PBXBuildFile; fileRef = 75DE9F6816EEBAE8004AC7E3 /* 3.jpg */; };
		75DE9F7116EEBAE8004AC7E3 /* 4.jpg in Resources */ = {isa = PBXBuildFile; fileRef = 75DE9F6A16EEBAE8004AC7E3 /* 4.jpg */; };
		75DE9F7216EEBAE8004AC7E3 /* 5.jpg in Resources */ = {isa = PBXBuildFile; fileRef = 75DE9F6B16EEBAE8004AC7E3 /* 5.jpg */; };
		75DE9F7516EEBB54004AC7E3 /* TutorialViewController.m in Sources */ = {isa = PBXBuildFile; fileRef = 75DE9F7416EEBB54004AC7E3 /* TutorialViewController.m */; };
		75E276721818970800D3571C /* NSData+AES.m in Sources */ = {isa = PBXBuildFile; fileRef = 75E276711818970800D3571C /* NSData+AES.m */; };
		75F0480416712A31002DB7B2 /* OrdenDeVueloMenuViewController.m in Sources */ = {isa = PBXBuildFile; fileRef = 75F0480316712A31002DB7B2 /* OrdenDeVueloMenuViewController.m */; };
		75F0480716713878002DB7B2 /* ArmamentoViewController.m in Sources */ = {isa = PBXBuildFile; fileRef = 75F0480616713878002DB7B2 /* ArmamentoViewController.m */; };
		75F0480A16713886002DB7B2 /* PiernasViewController.m in Sources */ = {isa = PBXBuildFile; fileRef = 75F0480916713886002DB7B2 /* PiernasViewController.m */; };
		75F0480D16713893002DB7B2 /* PrincipalViewController.m in Sources */ = {isa = PBXBuildFile; fileRef = 75F0480C16713893002DB7B2 /* PrincipalViewController.m */; };
		75F04810167138B7002DB7B2 /* TripulacionViewController.m in Sources */ = {isa = PBXBuildFile; fileRef = 75F0480F167138B7002DB7B2 /* TripulacionViewController.m */; };
		75F0481516716081002DB7B2 /* PiernasCell.m in Sources */ = {isa = PBXBuildFile; fileRef = 75F0481416716081002DB7B2 /* PiernasCell.m */; };
		75F63A8518443524000784B5 /* Cipher.m in Sources */ = {isa = PBXBuildFile; fileRef = 75F63A8418443524000784B5 /* Cipher.m */; };
/* End PBXBuildFile section */

/* Begin PBXContainerItemProxy section */
		754E95381630D15A002FEB37 /* PBXContainerItemProxy */ = {
			isa = PBXContainerItemProxy;
			containerPortal = 754E95031630D15A002FEB37 /* Project object */;
			proxyType = 1;
			remoteGlobalIDString = 754E950B1630D15A002FEB37;
			remoteInfo = FuerzaAerea;
		};
/* End PBXContainerItemProxy section */

/* Begin PBXFileReference section */
		75086770174E9C89004DAAA9 /* bg.png */ = {isa = PBXFileReference; lastKnownFileType = image.png; path = bg.png; sourceTree = "<group>"; };
		7512BF8016C1F7F800B222C0 /* PiernasTableSubView.h */ = {isa = PBXFileReference; fileEncoding = 4; lastKnownFileType = sourcecode.c.h; path = PiernasTableSubView.h; sourceTree = "<group>"; };
		7512BF8116C1F7F800B222C0 /* PiernasTableSubView.m */ = {isa = PBXFileReference; fileEncoding = 4; lastKnownFileType = sourcecode.c.objc; path = PiernasTableSubView.m; sourceTree = "<group>"; };
		7512BF8416C2041800B222C0 /* PiernasCell2.h */ = {isa = PBXFileReference; fileEncoding = 4; lastKnownFileType = sourcecode.c.h; path = PiernasCell2.h; sourceTree = "<group>"; };
		7512BF8516C2041800B222C0 /* PiernasCell2.m */ = {isa = PBXFileReference; fileEncoding = 4; lastKnownFileType = sourcecode.c.objc; path = PiernasCell2.m; sourceTree = "<group>"; };
		7512BF8716C2145300B222C0 /* ArmamentoTableSubView.h */ = {isa = PBXFileReference; fileEncoding = 4; lastKnownFileType = sourcecode.c.h; path = ArmamentoTableSubView.h; sourceTree = "<group>"; };
		7512BF8816C2145300B222C0 /* ArmamentoTableSubView.m */ = {isa = PBXFileReference; fileEncoding = 4; lastKnownFileType = sourcecode.c.objc; path = ArmamentoTableSubView.m; sourceTree = "<group>"; };
		7512BF8A16C2149A00B222C0 /* ArmamentoCell.h */ = {isa = PBXFileReference; fileEncoding = 4; lastKnownFileType = sourcecode.c.h; path = ArmamentoCell.h; sourceTree = "<group>"; };
		7512BF8B16C2149A00B222C0 /* ArmamentoCell.m */ = {isa = PBXFileReference; fileEncoding = 4; lastKnownFileType = sourcecode.c.objc; path = ArmamentoCell.m; sourceTree = "<group>"; };
		7512BF8D16C2175B00B222C0 /* TripulacionCell.h */ = {isa = PBXFileReference; fileEncoding = 4; lastKnownFileType = sourcecode.c.h; path = TripulacionCell.h; sourceTree = "<group>"; };
		7512BF8E16C2175B00B222C0 /* TripulacionCell.m */ = {isa = PBXFileReference; fileEncoding = 4; lastKnownFileType = sourcecode.c.objc; path = TripulacionCell.m; sourceTree = "<group>"; };
		7512BF9016C217F800B222C0 /* TripulacionTableSubView.h */ = {isa = PBXFileReference; fileEncoding = 4; lastKnownFileType = sourcecode.c.h; path = TripulacionTableSubView.h; sourceTree = "<group>"; };
		7512BF9116C217F800B222C0 /* TripulacionTableSubView.m */ = {isa = PBXFileReference; fileEncoding = 4; lastKnownFileType = sourcecode.c.objc; path = TripulacionTableSubView.m; sourceTree = "<group>"; };
		7512BFD116C4911F00B222C0 /* ArmamentosImpactados.h */ = {isa = PBXFileReference; fileEncoding = 4; lastKnownFileType = sourcecode.c.h; path = ArmamentosImpactados.h; sourceTree = "<group>"; };
		7512BFD216C4912000B222C0 /* ArmamentosImpactados.m */ = {isa = PBXFileReference; fileEncoding = 4; lastKnownFileType = sourcecode.c.objc; path = ArmamentosImpactados.m; sourceTree = "<group>"; };
		7512BFD416C497EE00B222C0 /* TipoOperacion.h */ = {isa = PBXFileReference; fileEncoding = 4; lastKnownFileType = sourcecode.c.h; path = TipoOperacion.h; sourceTree = "<group>"; };
		7512BFD516C497EE00B222C0 /* TipoOperacion.m */ = {isa = PBXFileReference; fileEncoding = 4; lastKnownFileType = sourcecode.c.objc; path = TipoOperacion.m; sourceTree = "<group>"; };
		7512BFD716C497FA00B222C0 /* Plan.h */ = {isa = PBXFileReference; fileEncoding = 4; lastKnownFileType = sourcecode.c.h; path = Plan.h; sourceTree = "<group>"; };
		7512BFD816C497FA00B222C0 /* Plan.m */ = {isa = PBXFileReference; fileEncoding = 4; lastKnownFileType = sourcecode.c.objc; path = Plan.m; sourceTree = "<group>"; };
		7512BFDA16C4982D00B222C0 /* Unidades.h */ = {isa = PBXFileReference; fileEncoding = 4; lastKnownFileType = sourcecode.c.h; path = Unidades.h; sourceTree = "<group>"; };
		7512BFDB16C4982D00B222C0 /* Unidades.m */ = {isa = PBXFileReference; fileEncoding = 4; lastKnownFileType = sourcecode.c.objc; path = Unidades.m; sourceTree = "<group>"; };
		7512BFDD16C4983E00B222C0 /* Maniobra.h */ = {isa = PBXFileReference; fileEncoding = 4; lastKnownFileType = sourcecode.c.h; path = Maniobra.h; sourceTree = "<group>"; };
		7512BFDE16C4983E00B222C0 /* Maniobra.m */ = {isa = PBXFileReference; fileEncoding = 4; lastKnownFileType = sourcecode.c.objc; path = Maniobra.m; sourceTree = "<group>"; };
		7512BFE016C4985000B222C0 /* Operacion.h */ = {isa = PBXFileReference; fileEncoding = 4; lastKnownFileType = sourcecode.c.h; path = Operacion.h; sourceTree = "<group>"; };
		7512BFE116C4985100B222C0 /* Operacion.m */ = {isa = PBXFileReference; fileEncoding = 4; lastKnownFileType = sourcecode.c.objc; path = Operacion.m; sourceTree = "<group>"; };
		7512BFE316C4998200B222C0 /* Lista.h */ = {isa = PBXFileReference; fileEncoding = 4; lastKnownFileType = sourcecode.c.h; path = Lista.h; sourceTree = "<group>"; };
		7512BFE416C4998300B222C0 /* Lista.m */ = {isa = PBXFileReference; fileEncoding = 4; lastKnownFileType = sourcecode.c.objc; path = Lista.m; sourceTree = "<group>"; };
		7512BFE616C4A57500B222C0 /* Grupo.h */ = {isa = PBXFileReference; fileEncoding = 4; lastKnownFileType = sourcecode.c.h; path = Grupo.h; sourceTree = "<group>"; };
		7512BFE716C4A57700B222C0 /* Grupo.m */ = {isa = PBXFileReference; fileEncoding = 4; lastKnownFileType = sourcecode.c.objc; path = Grupo.m; sourceTree = "<group>"; };
		7512BFE916C4B0C600B222C0 /* Enemigo.h */ = {isa = PBXFileReference; fileEncoding = 4; lastKnownFileType = sourcecode.c.h; path = Enemigo.h; sourceTree = "<group>"; };
		7512BFEA16C4B0C800B222C0 /* Enemigo.m */ = {isa = PBXFileReference; fileEncoding = 4; lastKnownFileType = sourcecode.c.objc; path = Enemigo.m; sourceTree = "<group>"; };
		7512BFEC16C4B0D500B222C0 /* Objetivo.h */ = {isa = PBXFileReference; fileEncoding = 4; lastKnownFileType = sourcecode.c.h; path = Objetivo.h; sourceTree = "<group>"; };
		7512BFED16C4B0D600B222C0 /* Objetivo.m */ = {isa = PBXFileReference; fileEncoding = 4; lastKnownFileType = sourcecode.c.objc; path = Objetivo.m; sourceTree = "<group>"; };
		7514A49516C548850093F58C /* Entidad.h */ = {isa = PBXFileReference; fileEncoding = 4; lastKnownFileType = sourcecode.c.h; path = Entidad.h; sourceTree = "<group>"; };
		7514A49616C548850093F58C /* Entidad.m */ = {isa = PBXFileReference; fileEncoding = 4; lastKnownFileType = sourcecode.c.objc; path = Entidad.m; sourceTree = "<group>"; };
		7515A4CD164C327A00504C23 /* DocumentViewerController.h */ = {isa = PBXFileReference; fileEncoding = 4; lastKnownFileType = sourcecode.c.h; path = DocumentViewerController.h; sourceTree = "<group>"; };
		7515A4CE164C327A00504C23 /* DocumentViewerController.m */ = {isa = PBXFileReference; fileEncoding = 4; lastKnownFileType = sourcecode.c.objc; path = DocumentViewerController.m; sourceTree = "<group>"; };
		754012181816016100EE43AD /* downArrowBlack.png */ = {isa = PBXFileReference; lastKnownFileType = image.png; path = downArrowBlack.png; sourceTree = "<group>"; };
		754012191816016100EE43AD /* upArrowBlack.png */ = {isa = PBXFileReference; lastKnownFileType = image.png; path = upArrowBlack.png; sourceTree = "<group>"; };
		7540121D1816E6A700EE43AD /* AESCrypt.h */ = {isa = PBXFileReference; fileEncoding = 4; lastKnownFileType = sourcecode.c.h; path = AESCrypt.h; sourceTree = "<group>"; };
		7540121E1816E6A700EE43AD /* AESCrypt.m */ = {isa = PBXFileReference; fileEncoding = 4; lastKnownFileType = sourcecode.c.objc; path = AESCrypt.m; sourceTree = "<group>"; };
		7540121F1816E6A700EE43AD /* NSData+Base64.h */ = {isa = PBXFileReference; fileEncoding = 4; lastKnownFileType = sourcecode.c.h; path = "NSData+Base64.h"; sourceTree = "<group>"; };
		754012201816E6A700EE43AD /* NSData+Base64.m */ = {isa = PBXFileReference; fileEncoding = 4; lastKnownFileType = sourcecode.c.objc; path = "NSData+Base64.m"; sourceTree = "<group>"; };
		754012211816E6A700EE43AD /* NSData+CommonCrypto.h */ = {isa = PBXFileReference; fileEncoding = 4; lastKnownFileType = sourcecode.c.h; path = "NSData+CommonCrypto.h"; sourceTree = "<group>"; };
		754012221816E6A700EE43AD /* NSData+CommonCrypto.m */ = {isa = PBXFileReference; fileEncoding = 4; lastKnownFileType = sourcecode.c.objc; path = "NSData+CommonCrypto.m"; sourceTree = "<group>"; };
		754012231816E6A700EE43AD /* NSString+Base64.h */ = {isa = PBXFileReference; fileEncoding = 4; lastKnownFileType = sourcecode.c.h; path = "NSString+Base64.h"; sourceTree = "<group>"; };
		754012241816E6A700EE43AD /* NSString+Base64.m */ = {isa = PBXFileReference; fileEncoding = 4; lastKnownFileType = sourcecode.c.objc; path = "NSString+Base64.m"; sourceTree = "<group>"; };
		754E950C1630D15A002FEB37 /* FuerzaAerea.app */ = {isa = PBXFileReference; explicitFileType = wrapper.application; includeInIndex = 0; path = FuerzaAerea.app; sourceTree = BUILT_PRODUCTS_DIR; };
		754E95101630D15A002FEB37 /* UIKit.framework */ = {isa = PBXFileReference; lastKnownFileType = wrapper.framework; name = UIKit.framework; path = System/Library/Frameworks/UIKit.framework; sourceTree = SDKROOT; };
		754E95121630D15A002FEB37 /* Foundation.framework */ = {isa = PBXFileReference; lastKnownFileType = wrapper.framework; name = Foundation.framework; path = System/Library/Frameworks/Foundation.framework; sourceTree = SDKROOT; };
		754E95141630D15A002FEB37 /* CoreGraphics.framework */ = {isa = PBXFileReference; lastKnownFileType = wrapper.framework; name = CoreGraphics.framework; path = System/Library/Frameworks/CoreGraphics.framework; sourceTree = SDKROOT; };
		754E95181630D15A002FEB37 /* FuerzaAerea-Info.plist */ = {isa = PBXFileReference; lastKnownFileType = text.plist.xml; path = "FuerzaAerea-Info.plist"; sourceTree = "<group>"; };
		754E951A1630D15A002FEB37 /* en */ = {isa = PBXFileReference; lastKnownFileType = text.plist.strings; name = en; path = en.lproj/InfoPlist.strings; sourceTree = "<group>"; };
		754E951C1630D15A002FEB37 /* main.m */ = {isa = PBXFileReference; lastKnownFileType = sourcecode.c.objc; path = main.m; sourceTree = "<group>"; };
		754E951E1630D15A002FEB37 /* FuerzaAerea-Prefix.pch */ = {isa = PBXFileReference; lastKnownFileType = sourcecode.c.h; path = "FuerzaAerea-Prefix.pch"; sourceTree = "<group>"; };
		754E951F1630D15A002FEB37 /* AppDelegate.h */ = {isa = PBXFileReference; lastKnownFileType = sourcecode.c.h; path = AppDelegate.h; sourceTree = "<group>"; };
		754E95201630D15A002FEB37 /* AppDelegate.m */ = {isa = PBXFileReference; lastKnownFileType = sourcecode.c.objc; path = AppDelegate.m; sourceTree = "<group>"; };
		754E95221630D15A002FEB37 /* Default.png */ = {isa = PBXFileReference; lastKnownFileType = image.png; path = Default.png; sourceTree = "<group>"; };
		754E95241630D15A002FEB37 /* Default@2x.png */ = {isa = PBXFileReference; lastKnownFileType = image.png; path = "Default@2x.png"; sourceTree = "<group>"; };
		754E95261630D15A002FEB37 /* Default-568h@2x.png */ = {isa = PBXFileReference; lastKnownFileType = image.png; path = "Default-568h@2x.png"; sourceTree = "<group>"; };
		754E95291630D15A002FEB37 /* en */ = {isa = PBXFileReference; lastKnownFileType = file.storyboard; name = en; path = en.lproj/MainStoryboard.storyboard; sourceTree = "<group>"; };
		754E952B1630D15A002FEB37 /* LoginViewController.h */ = {isa = PBXFileReference; lastKnownFileType = sourcecode.c.h; path = LoginViewController.h; sourceTree = "<group>"; };
		754E952C1630D15A002FEB37 /* LoginViewController.m */ = {isa = PBXFileReference; lastKnownFileType = sourcecode.c.objc; path = LoginViewController.m; sourceTree = "<group>"; };
		754E95331630D15A002FEB37 /* FuerzaAereaTests.octest */ = {isa = PBXFileReference; explicitFileType = wrapper.cfbundle; includeInIndex = 0; path = FuerzaAereaTests.octest; sourceTree = BUILT_PRODUCTS_DIR; };
		754E95341630D15A002FEB37 /* SenTestingKit.framework */ = {isa = PBXFileReference; lastKnownFileType = wrapper.framework; name = SenTestingKit.framework; path = Library/Frameworks/SenTestingKit.framework; sourceTree = DEVELOPER_DIR; };
		754E953C1630D15A002FEB37 /* FuerzaAereaTests-Info.plist */ = {isa = PBXFileReference; lastKnownFileType = text.plist.xml; path = "FuerzaAereaTests-Info.plist"; sourceTree = "<group>"; };
		754E953E1630D15A002FEB37 /* en */ = {isa = PBXFileReference; lastKnownFileType = text.plist.strings; name = en; path = en.lproj/InfoPlist.strings; sourceTree = "<group>"; };
		754E95401630D15A002FEB37 /* FuerzaAereaTests.h */ = {isa = PBXFileReference; lastKnownFileType = sourcecode.c.h; path = FuerzaAereaTests.h; sourceTree = "<group>"; };
		754E95411630D15A002FEB37 /* FuerzaAereaTests.m */ = {isa = PBXFileReference; lastKnownFileType = sourcecode.c.objc; path = FuerzaAereaTests.m; sourceTree = "<group>"; };
		7552345A164045AD00D541DB /* ServerCommunicator.h */ = {isa = PBXFileReference; fileEncoding = 4; lastKnownFileType = sourcecode.c.h; path = ServerCommunicator.h; sourceTree = "<group>"; };
		7552345B164045AD00D541DB /* ServerCommunicator.m */ = {isa = PBXFileReference; fileEncoding = 4; lastKnownFileType = sourcecode.c.objc; path = ServerCommunicator.m; sourceTree = "<group>"; };
		7552345F164045C600D541DB /* XMLReader.h */ = {isa = PBXFileReference; fileEncoding = 4; lastKnownFileType = sourcecode.c.h; path = XMLReader.h; sourceTree = "<group>"; };
		75523460164045C600D541DB /* XMLReader.m */ = {isa = PBXFileReference; fileEncoding = 4; lastKnownFileType = sourcecode.c.objc; path = XMLReader.m; sourceTree = "<group>"; };
		7553184E164BFD7700B176A2 /* JSON.h */ = {isa = PBXFileReference; fileEncoding = 4; lastKnownFileType = sourcecode.c.h; path = JSON.h; sourceTree = "<group>"; };
		7553184F164BFD7700B176A2 /* NSObject+SBJSON.h */ = {isa = PBXFileReference; fileEncoding = 4; lastKnownFileType = sourcecode.c.h; path = "NSObject+SBJSON.h"; sourceTree = "<group>"; };
		75531850164BFD7700B176A2 /* NSObject+SBJSON.m */ = {isa = PBXFileReference; fileEncoding = 4; lastKnownFileType = sourcecode.c.objc; path = "NSObject+SBJSON.m"; sourceTree = "<group>"; };
		75531851164BFD7700B176A2 /* NSString+SBJSON.h */ = {isa = PBXFileReference; fileEncoding = 4; lastKnownFileType = sourcecode.c.h; path = "NSString+SBJSON.h"; sourceTree = "<group>"; };
		75531852164BFD7700B176A2 /* NSString+SBJSON.m */ = {isa = PBXFileReference; fileEncoding = 4; lastKnownFileType = sourcecode.c.objc; path = "NSString+SBJSON.m"; sourceTree = "<group>"; };
		75531853164BFD7700B176A2 /* SBJSON.h */ = {isa = PBXFileReference; fileEncoding = 4; lastKnownFileType = sourcecode.c.h; path = SBJSON.h; sourceTree = "<group>"; };
		75531854164BFD7700B176A2 /* SBJSON.m */ = {isa = PBXFileReference; fileEncoding = 4; lastKnownFileType = sourcecode.c.objc; path = SBJSON.m; sourceTree = "<group>"; };
		75531855164BFD7700B176A2 /* SBJsonBase.h */ = {isa = PBXFileReference; fileEncoding = 4; lastKnownFileType = sourcecode.c.h; path = SBJsonBase.h; sourceTree = "<group>"; };
		75531856164BFD7700B176A2 /* SBJsonBase.m */ = {isa = PBXFileReference; fileEncoding = 4; lastKnownFileType = sourcecode.c.objc; path = SBJsonBase.m; sourceTree = "<group>"; };
		75531857164BFD7700B176A2 /* SBJsonParser.h */ = {isa = PBXFileReference; fileEncoding = 4; lastKnownFileType = sourcecode.c.h; path = SBJsonParser.h; sourceTree = "<group>"; };
		75531858164BFD7700B176A2 /* SBJsonParser.m */ = {isa = PBXFileReference; fileEncoding = 4; lastKnownFileType = sourcecode.c.objc; path = SBJsonParser.m; sourceTree = "<group>"; };
		75531859164BFD7700B176A2 /* SBJsonWriter.h */ = {isa = PBXFileReference; fileEncoding = 4; lastKnownFileType = sourcecode.c.h; path = SBJsonWriter.h; sourceTree = "<group>"; };
		7553185A164BFD7700B176A2 /* SBJsonWriter.m */ = {isa = PBXFileReference; fileEncoding = 4; lastKnownFileType = sourcecode.c.objc; path = SBJsonWriter.m; sourceTree = "<group>"; };
		7556FE70167A8FAA00891508 /* IAmCoder.h */ = {isa = PBXFileReference; fileEncoding = 4; lastKnownFileType = sourcecode.c.h; path = IAmCoder.h; sourceTree = "<group>"; };
		7556FE71167A8FAA00891508 /* IAmCoder.m */ = {isa = PBXFileReference; fileEncoding = 4; lastKnownFileType = sourcecode.c.objc; path = IAmCoder.m; sourceTree = "<group>"; };
		7556FE78167AC86700891508 /* FileDownloader.h */ = {isa = PBXFileReference; fileEncoding = 4; lastKnownFileType = sourcecode.c.h; path = FileDownloader.h; sourceTree = "<group>"; };
		7556FE79167AC86700891508 /* FileDownloader.m */ = {isa = PBXFileReference; fileEncoding = 4; lastKnownFileType = sourcecode.c.objc; path = FileDownloader.m; sourceTree = "<group>"; };
		7556FE7B167AD8C900891508 /* ppticon.png */ = {isa = PBXFileReference; lastKnownFileType = image.png; path = ppticon.png; sourceTree = "<group>"; };
		7556FE7D167AD8EE00891508 /* docicon.png */ = {isa = PBXFileReference; lastKnownFileType = image.png; path = docicon.png; sourceTree = "<group>"; };
		7556FE7F167AD92300891508 /* pdficon.png */ = {isa = PBXFileReference; lastKnownFileType = image.png; path = pdficon.png; sourceTree = "<group>"; };
		755F9F2116534D6E0002266B /* ImageDownloader.h */ = {isa = PBXFileReference; fileEncoding = 4; lastKnownFileType = sourcecode.c.h; path = ImageDownloader.h; sourceTree = "<group>"; };
		755F9F2216534D6E0002266B /* ImageDownloader.m */ = {isa = PBXFileReference; fileEncoding = 4; lastKnownFileType = sourcecode.c.objc; path = ImageDownloader.m; sourceTree = "<group>"; };
		755F9F2D16543A4E0002266B /* pdf.pdf */ = {isa = PBXFileReference; lastKnownFileType = image.pdf; path = pdf.pdf; sourceTree = "<group>"; };
		755F9F3C16548A2B0002266B /* DeviceInfo.h */ = {isa = PBXFileReference; fileEncoding = 4; lastKnownFileType = sourcecode.c.h; path = DeviceInfo.h; sourceTree = "<group>"; };
		755F9F3D16548A2B0002266B /* DeviceInfo.m */ = {isa = PBXFileReference; fileEncoding = 4; lastKnownFileType = sourcecode.c.objc; path = DeviceInfo.m; sourceTree = "<group>"; };
		755F9F3F16548A5B0002266B /* CoreTelephony.framework */ = {isa = PBXFileReference; lastKnownFileType = wrapper.framework; name = CoreTelephony.framework; path = System/Library/Frameworks/CoreTelephony.framework; sourceTree = SDKROOT; };
		755F9F4516548AD40002266B /* MBProgressHud.h */ = {isa = PBXFileReference; fileEncoding = 4; lastKnownFileType = sourcecode.c.h; path = MBProgressHud.h; sourceTree = "<group>"; };
		755F9F4616548AD40002266B /* MBProgressHud.m */ = {isa = PBXFileReference; fileEncoding = 4; lastKnownFileType = sourcecode.c.objc; path = MBProgressHud.m; sourceTree = "<group>"; };
		755F9F5016554F450002266B /* icon@2x.png */ = {isa = PBXFileReference; lastKnownFileType = image.png; path = "icon@2x.png"; sourceTree = "<group>"; };
		755F9F5C16555F3C0002266B /* DetailViewController.h */ = {isa = PBXFileReference; fileEncoding = 4; lastKnownFileType = sourcecode.c.h; path = DetailViewController.h; sourceTree = "<group>"; };
		755F9F5D16555F3C0002266B /* DetailViewController.m */ = {isa = PBXFileReference; fileEncoding = 4; lastKnownFileType = sourcecode.c.objc; path = DetailViewController.m; sourceTree = "<group>"; };
		755F9F63165594550002266B /* QuartzCore.framework */ = {isa = PBXFileReference; lastKnownFileType = wrapper.framework; name = QuartzCore.framework; path = System/Library/Frameworks/QuartzCore.framework; sourceTree = SDKROOT; };
		757352C416E04C5A0001F5EA /* logo-maletin.png */ = {isa = PBXFileReference; lastKnownFileType = image.png; path = "logo-maletin.png"; sourceTree = "<group>"; };
		757352C616E04C710001F5EA /* logo-maletin2.png */ = {isa = PBXFileReference; lastKnownFileType = image.png; path = "logo-maletin2.png"; sourceTree = "<group>"; };
		7573642016ADB85F00445CB0 /* RegistroDeVueloViewController.h */ = {isa = PBXFileReference; fileEncoding = 4; lastKnownFileType = sourcecode.c.h; path = RegistroDeVueloViewController.h; sourceTree = "<group>"; };
		7573642116ADB85F00445CB0 /* RegistroDeVueloViewController.m */ = {isa = PBXFileReference; fileEncoding = 4; lastKnownFileType = sourcecode.c.objc; path = RegistroDeVueloViewController.m; sourceTree = "<group>"; };
		7573642D16AF708300445CB0 /* CeldaItinerario.h */ = {isa = PBXFileReference; fileEncoding = 4; lastKnownFileType = sourcecode.c.h; path = CeldaItinerario.h; sourceTree = "<group>"; };
		7573642E16AF708300445CB0 /* CeldaItinerario.m */ = {isa = PBXFileReference; fileEncoding = 4; lastKnownFileType = sourcecode.c.objc; path = CeldaItinerario.m; sourceTree = "<group>"; };
		7573644616B5ACA800445CB0 /* CeldaCondiciones.h */ = {isa = PBXFileReference; fileEncoding = 4; lastKnownFileType = sourcecode.c.h; path = CeldaCondiciones.h; sourceTree = "<group>"; };
		7573644716B5ACA800445CB0 /* CeldaCondiciones.m */ = {isa = PBXFileReference; fileEncoding = 4; lastKnownFileType = sourcecode.c.objc; path = CeldaCondiciones.m; sourceTree = "<group>"; };
		7575CA4016729C510078E354 /* FileSaver.h */ = {isa = PBXFileReference; fileEncoding = 4; lastKnownFileType = sourcecode.c.h; path = FileSaver.h; sourceTree = "<group>"; };
		7575CA4116729C510078E354 /* FileSaver.m */ = {isa = PBXFileReference; fileEncoding = 4; lastKnownFileType = sourcecode.c.objc; path = FileSaver.m; sourceTree = "<group>"; };
		758711A51680142800FEC282 /* fuerza.jpeg */ = {isa = PBXFileReference; lastKnownFileType = image.jpeg; path = fuerza.jpeg; sourceTree = "<group>"; };
		758711A81680C1B900FEC282 /* atras.png */ = {isa = PBXFileReference; lastKnownFileType = image.png; path = atras.png; sourceTree = "<group>"; };
		758711AA1680CCEA00FEC282 /* jpg.png */ = {isa = PBXFileReference; lastKnownFileType = image.png; path = jpg.png; sourceTree = "<group>"; };
		758711AC16814C7E00FEC282 /* icon.png */ = {isa = PBXFileReference; lastKnownFileType = image.png; path = icon.png; sourceTree = "<group>"; };
		75926CF0166419D100B3CDD5 /* Notam.h */ = {isa = PBXFileReference; fileEncoding = 4; lastKnownFileType = sourcecode.c.h; path = Notam.h; sourceTree = "<group>"; };
		75926CF1166419D100B3CDD5 /* Notam.m */ = {isa = PBXFileReference; fileEncoding = 4; lastKnownFileType = sourcecode.c.objc; path = Notam.m; sourceTree = "<group>"; };
		75926CF4166419E000B3CDD5 /* Metar.h */ = {isa = PBXFileReference; fileEncoding = 4; lastKnownFileType = sourcecode.c.h; path = Metar.h; sourceTree = "<group>"; };
		75926CF5166419E000B3CDD5 /* Metar.m */ = {isa = PBXFileReference; fileEncoding = 4; lastKnownFileType = sourcecode.c.objc; path = Metar.m; sourceTree = "<group>"; };
		75A1D2D316B9C6E60013B48A /* CeldaArmamento.h */ = {isa = PBXFileReference; fileEncoding = 4; lastKnownFileType = sourcecode.c.h; path = CeldaArmamento.h; sourceTree = "<group>"; };
		75A1D2D416B9C6E60013B48A /* CeldaArmamento.m */ = {isa = PBXFileReference; fileEncoding = 4; lastKnownFileType = sourcecode.c.objc; path = CeldaArmamento.m; sourceTree = "<group>"; };
		75A1D2D716B9E4F30013B48A /* CeldaTripulacion.h */ = {isa = PBXFileReference; fileEncoding = 4; lastKnownFileType = sourcecode.c.h; path = CeldaTripulacion.h; sourceTree = "<group>"; };
		75A1D2D816B9E4F30013B48A /* CeldaTripulacion.m */ = {isa = PBXFileReference; fileEncoding = 4; lastKnownFileType = sourcecode.c.objc; path = CeldaTripulacion.m; sourceTree = "<group>"; };
		75A1D2DB16BA1B080013B48A /* FaseVuelo.h */ = {isa = PBXFileReference; fileEncoding = 4; lastKnownFileType = sourcecode.c.h; path = FaseVuelo.h; sourceTree = "<group>"; };
		75A1D2DC16BA1B080013B48A /* FaseVuelo.m */ = {isa = PBXFileReference; fileEncoding = 4; lastKnownFileType = sourcecode.c.objc; path = FaseVuelo.m; sourceTree = "<group>"; };
		75A1D2DE16BA2D030013B48A /* Departamentos.h */ = {isa = PBXFileReference; fileEncoding = 4; lastKnownFileType = sourcecode.c.h; path = Departamentos.h; sourceTree = "<group>"; };
		75A1D2DF16BA2D030013B48A /* Departamentos.m */ = {isa = PBXFileReference; fileEncoding = 4; lastKnownFileType = sourcecode.c.objc; path = Departamentos.m; sourceTree = "<group>"; };
		75A1D2E516BA30E40013B48A /* Municipios.h */ = {isa = PBXFileReference; fileEncoding = 4; lastKnownFileType = sourcecode.c.h; path = Municipios.h; sourceTree = "<group>"; };
		75A1D2E616BA30E40013B48A /* Municipios.m */ = {isa = PBXFileReference; fileEncoding = 4; lastKnownFileType = sourcecode.c.objc; path = Municipios.m; sourceTree = "<group>"; };
		75A1D2E916BA32F90013B48A /* Armamentos.h */ = {isa = PBXFileReference; fileEncoding = 4; lastKnownFileType = sourcecode.c.h; path = Armamentos.h; sourceTree = "<group>"; };
		75A1D2EA16BA32F90013B48A /* Armamentos.m */ = {isa = PBXFileReference; fileEncoding = 4; lastKnownFileType = sourcecode.c.objc; path = Armamentos.m; sourceTree = "<group>"; };
		75A1D2EC16BB14B60013B48A /* VistaListadoArmamento.h */ = {isa = PBXFileReference; fileEncoding = 4; lastKnownFileType = sourcecode.c.h; path = VistaListadoArmamento.h; sourceTree = "<group>"; };
		75A1D2ED16BB14B60013B48A /* VistaListadoArmamento.m */ = {isa = PBXFileReference; fileEncoding = 4; lastKnownFileType = sourcecode.c.objc; path = VistaListadoArmamento.m; sourceTree = "<group>"; };
		75A1D2F016BB25B20013B48A /* CheckView.h */ = {isa = PBXFileReference; fileEncoding = 4; lastKnownFileType = sourcecode.c.h; path = CheckView.h; sourceTree = "<group>"; };
		75A1D2F116BB25B20013B48A /* CheckView.m */ = {isa = PBXFileReference; fileEncoding = 4; lastKnownFileType = sourcecode.c.objc; path = CheckView.m; sourceTree = "<group>"; };
		75A746A716408FA700B30657 /* DashBoardViewController.h */ = {isa = PBXFileReference; fileEncoding = 4; lastKnownFileType = sourcecode.c.h; path = DashBoardViewController.h; sourceTree = "<group>"; };
		75A746A816408FA700B30657 /* DashBoardViewController.m */ = {isa = PBXFileReference; fileEncoding = 4; lastKnownFileType = sourcecode.c.objc; path = DashBoardViewController.m; sourceTree = "<group>"; };
		75A746AA1640B7D000B30657 /* SystemConfiguration.framework */ = {isa = PBXFileReference; lastKnownFileType = wrapper.framework; name = SystemConfiguration.framework; path = System/Library/Frameworks/SystemConfiguration.framework; sourceTree = SDKROOT; };
		75A95A1B166ED6F80012CFA5 /* Principal.h */ = {isa = PBXFileReference; fileEncoding = 4; lastKnownFileType = sourcecode.c.h; path = Principal.h; sourceTree = "<group>"; };
		75A95A1C166ED6F80012CFA5 /* Principal.m */ = {isa = PBXFileReference; fileEncoding = 4; lastKnownFileType = sourcecode.c.objc; path = Principal.m; sourceTree = "<group>"; };
		75A95A1E166ED7030012CFA5 /* Tripulacion.h */ = {isa = PBXFileReference; fileEncoding = 4; lastKnownFileType = sourcecode.c.h; path = Tripulacion.h; sourceTree = "<group>"; };
		75A95A1F166ED7030012CFA5 /* Tripulacion.m */ = {isa = PBXFileReference; fileEncoding = 4; lastKnownFileType = sourcecode.c.objc; path = Tripulacion.m; sourceTree = "<group>"; };
		75A95A21166ED70A0012CFA5 /* Piernas.h */ = {isa = PBXFileReference; fileEncoding = 4; lastKnownFileType = sourcecode.c.h; path = Piernas.h; sourceTree = "<group>"; };
		75A95A22166ED70A0012CFA5 /* Piernas.m */ = {isa = PBXFileReference; fileEncoding = 4; lastKnownFileType = sourcecode.c.objc; path = Piernas.m; sourceTree = "<group>"; };
		75A95A24166ED7190012CFA5 /* Armamento.h */ = {isa = PBXFileReference; fileEncoding = 4; lastKnownFileType = sourcecode.c.h; path = Armamento.h; sourceTree = "<group>"; };
		75A95A25166ED7190012CFA5 /* Armamento.m */ = {isa = PBXFileReference; fileEncoding = 4; lastKnownFileType = sourcecode.c.objc; path = Armamento.m; sourceTree = "<group>"; };
		75A95A27166EDA390012CFA5 /* ModeladorDeOrdenDeVuelo.h */ = {isa = PBXFileReference; fileEncoding = 4; lastKnownFileType = sourcecode.c.h; path = ModeladorDeOrdenDeVuelo.h; sourceTree = "<group>"; };
		75A95A28166EDA390012CFA5 /* ModeladorDeOrdenDeVuelo.m */ = {isa = PBXFileReference; fileEncoding = 4; lastKnownFileType = sourcecode.c.objc; path = ModeladorDeOrdenDeVuelo.m; sourceTree = "<group>"; };
		75A95A2A166EF7A00012CFA5 /* SerializadorOV.h */ = {isa = PBXFileReference; fileEncoding = 4; lastKnownFileType = sourcecode.c.h; path = SerializadorOV.h; sourceTree = "<group>"; };
		75A95A2B166EF7A00012CFA5 /* SerializadorOV.m */ = {isa = PBXFileReference; fileEncoding = 4; lastKnownFileType = sourcecode.c.objc; path = SerializadorOV.m; sourceTree = "<group>"; };
		75B6442117EBDDD000E3FA38 /* ZoomViewController.h */ = {isa = PBXFileReference; fileEncoding = 4; lastKnownFileType = sourcecode.c.h; path = ZoomViewController.h; sourceTree = "<group>"; };
		75B6442217EBDDD000E3FA38 /* ZoomViewController.m */ = {isa = PBXFileReference; fileEncoding = 4; lastKnownFileType = sourcecode.c.objc; path = ZoomViewController.m; sourceTree = "<group>"; };
		75DB41EA167962FA00F58DED /* Archivo.h */ = {isa = PBXFileReference; fileEncoding = 4; lastKnownFileType = sourcecode.c.h; path = Archivo.h; sourceTree = "<group>"; };
		75DB41EB167962FA00F58DED /* Archivo.m */ = {isa = PBXFileReference; fileEncoding = 4; lastKnownFileType = sourcecode.c.objc; path = Archivo.m; sourceTree = "<group>"; };
		75DE9F5E16EBCDF0004AC7E3 /* Usuario.h */ = {isa = PBXFileReference; fileEncoding = 4; lastKnownFileType = sourcecode.c.h; path = Usuario.h; sourceTree = "<group>"; };
		75DE9F5F16EBCDF0004AC7E3 /* Usuario.m */ = {isa = PBXFileReference; fileEncoding = 4; lastKnownFileType = sourcecode.c.objc; path = Usuario.m; sourceTree = "<group>"; };
		75DE9F6116EBECC7004AC7E3 /* AdminViewController.h */ = {isa = PBXFileReference; fileEncoding = 4; lastKnownFileType = sourcecode.c.h; path = AdminViewController.h; sourceTree = "<group>"; };
		75DE9F6216EBECC7004AC7E3 /* AdminViewController.m */ = {isa = PBXFileReference; fileEncoding = 4; lastKnownFileType = sourcecode.c.objc; path = AdminViewController.m; sourceTree = "<group>"; };
		75DE9F6516EEBAE8004AC7E3 /* 0.jpg */ = {isa = PBXFileReference; lastKnownFileType = image.jpeg; path = 0.jpg; sourceTree = "<group>"; };
		75DE9F6616EEBAE8004AC7E3 /* 1.jpg */ = {isa = PBXFileReference; lastKnownFileType = image.jpeg; path = 1.jpg; sourceTree = "<group>"; };
		75DE9F6716EEBAE8004AC7E3 /* 2.jpg */ = {isa = PBXFileReference; lastKnownFileType = image.jpeg; path = 2.jpg; sourceTree = "<group>"; };
		75DE9F6816EEBAE8004AC7E3 /* 3.jpg */ = {isa = PBXFileReference; lastKnownFileType = image.jpeg; path = 3.jpg; sourceTree = "<group>"; };
		75DE9F6A16EEBAE8004AC7E3 /* 4.jpg */ = {isa = PBXFileReference; lastKnownFileType = image.jpeg; path = 4.jpg; sourceTree = "<group>"; };
		75DE9F6B16EEBAE8004AC7E3 /* 5.jpg */ = {isa = PBXFileReference; lastKnownFileType = image.jpeg; path = 5.jpg; sourceTree = "<group>"; };
		75DE9F7316EEBB54004AC7E3 /* TutorialViewController.h */ = {isa = PBXFileReference; fileEncoding = 4; lastKnownFileType = sourcecode.c.h; path = TutorialViewController.h; sourceTree = "<group>"; };
		75DE9F7416EEBB54004AC7E3 /* TutorialViewController.m */ = {isa = PBXFileReference; fileEncoding = 4; lastKnownFileType = sourcecode.c.objc; path = TutorialViewController.m; sourceTree = "<group>"; };
		75E276701818970800D3571C /* NSData+AES.h */ = {isa = PBXFileReference; fileEncoding = 4; lastKnownFileType = sourcecode.c.h; path = "NSData+AES.h"; sourceTree = "<group>"; };
		75E276711818970800D3571C /* NSData+AES.m */ = {isa = PBXFileReference; fileEncoding = 4; lastKnownFileType = sourcecode.c.objc; path = "NSData+AES.m"; sourceTree = "<group>"; };
		75F0480216712A31002DB7B2 /* OrdenDeVueloMenuViewController.h */ = {isa = PBXFileReference; fileEncoding = 4; lastKnownFileType = sourcecode.c.h; path = OrdenDeVueloMenuViewController.h; sourceTree = "<group>"; };
		75F0480316712A31002DB7B2 /* OrdenDeVueloMenuViewController.m */ = {isa = PBXFileReference; fileEncoding = 4; lastKnownFileType = sourcecode.c.objc; path = OrdenDeVueloMenuViewController.m; sourceTree = "<group>"; };
		75F0480516713878002DB7B2 /* ArmamentoViewController.h */ = {isa = PBXFileReference; fileEncoding = 4; lastKnownFileType = sourcecode.c.h; path = ArmamentoViewController.h; sourceTree = "<group>"; };
		75F0480616713878002DB7B2 /* ArmamentoViewController.m */ = {isa = PBXFileReference; fileEncoding = 4; lastKnownFileType = sourcecode.c.objc; path = ArmamentoViewController.m; sourceTree = "<group>"; };
		75F0480816713886002DB7B2 /* PiernasViewController.h */ = {isa = PBXFileReference; fileEncoding = 4; lastKnownFileType = sourcecode.c.h; path = PiernasViewController.h; sourceTree = "<group>"; };
		75F0480916713886002DB7B2 /* PiernasViewController.m */ = {isa = PBXFileReference; fileEncoding = 4; lastKnownFileType = sourcecode.c.objc; path = PiernasViewController.m; sourceTree = "<group>"; };
		75F0480B16713893002DB7B2 /* PrincipalViewController.h */ = {isa = PBXFileReference; fileEncoding = 4; lastKnownFileType = sourcecode.c.h; path = PrincipalViewController.h; sourceTree = "<group>"; };
		75F0480C16713893002DB7B2 /* PrincipalViewController.m */ = {isa = PBXFileReference; fileEncoding = 4; lastKnownFileType = sourcecode.c.objc; path = PrincipalViewController.m; sourceTree = "<group>"; };
		75F0480E167138B7002DB7B2 /* TripulacionViewController.h */ = {isa = PBXFileReference; fileEncoding = 4; lastKnownFileType = sourcecode.c.h; path = TripulacionViewController.h; sourceTree = "<group>"; };
		75F0480F167138B7002DB7B2 /* TripulacionViewController.m */ = {isa = PBXFileReference; fileEncoding = 4; lastKnownFileType = sourcecode.c.objc; path = TripulacionViewController.m; sourceTree = "<group>"; };
		75F0481316716081002DB7B2 /* PiernasCell.h */ = {isa = PBXFileReference; fileEncoding = 4; lastKnownFileType = sourcecode.c.h; path = PiernasCell.h; sourceTree = "<group>"; };
		75F0481416716081002DB7B2 /* PiernasCell.m */ = {isa = PBXFileReference; fileEncoding = 4; lastKnownFileType = sourcecode.c.objc; path = PiernasCell.m; sourceTree = "<group>"; };
		75F63A8318443524000784B5 /* Cipher.h */ = {isa = PBXFileReference; fileEncoding = 4; lastKnownFileType = sourcecode.c.h; path = Cipher.h; sourceTree = "<group>"; };
		75F63A8418443524000784B5 /* Cipher.m */ = {isa = PBXFileReference; fileEncoding = 4; lastKnownFileType = sourcecode.c.objc; path = Cipher.m; sourceTree = "<group>"; };
/* End PBXFileReference section */

/* Begin PBXFrameworksBuildPhase section */
		754E95091630D15A002FEB37 /* Frameworks */ = {
			isa = PBXFrameworksBuildPhase;
			buildActionMask = 2147483647;
			files = (
				755F9F64165594560002266B /* QuartzCore.framework in Frameworks */,
				755F9F4016548A5B0002266B /* CoreTelephony.framework in Frameworks */,
				75A746AB1640B7D000B30657 /* SystemConfiguration.framework in Frameworks */,
				754E95111630D15A002FEB37 /* UIKit.framework in Frameworks */,
				754E95131630D15A002FEB37 /* Foundation.framework in Frameworks */,
				754E95151630D15A002FEB37 /* CoreGraphics.framework in Frameworks */,
			);
			runOnlyForDeploymentPostprocessing = 0;
		};
		754E952F1630D15A002FEB37 /* Frameworks */ = {
			isa = PBXFrameworksBuildPhase;
			buildActionMask = 2147483647;
			files = (
				754E95351630D15A002FEB37 /* SenTestingKit.framework in Frameworks */,
				754E95361630D15A002FEB37 /* UIKit.framework in Frameworks */,
				754E95371630D15A002FEB37 /* Foundation.framework in Frameworks */,
			);
			runOnlyForDeploymentPostprocessing = 0;
		};
/* End PBXFrameworksBuildPhase section */

/* Begin PBXGroup section */
		7512BF7F16C1F7BB00B222C0 /* TableViewViews */ = {
			isa = PBXGroup;
			children = (
				7512BF8016C1F7F800B222C0 /* PiernasTableSubView.h */,
				7512BF8116C1F7F800B222C0 /* PiernasTableSubView.m */,
				7512BF8716C2145300B222C0 /* ArmamentoTableSubView.h */,
				7512BF8816C2145300B222C0 /* ArmamentoTableSubView.m */,
				7512BF9016C217F800B222C0 /* TripulacionTableSubView.h */,
				7512BF9116C217F800B222C0 /* TripulacionTableSubView.m */,
			);
			name = TableViewViews;
			sourceTree = "<group>";
		};
		7512BF8316C203BF00B222C0 /* CeldasTV */ = {
			isa = PBXGroup;
			children = (
				75F0481316716081002DB7B2 /* PiernasCell.h */,
				75F0481416716081002DB7B2 /* PiernasCell.m */,
				7512BF8416C2041800B222C0 /* PiernasCell2.h */,
				7512BF8516C2041800B222C0 /* PiernasCell2.m */,
				7512BF8A16C2149A00B222C0 /* ArmamentoCell.h */,
				7512BF8B16C2149A00B222C0 /* ArmamentoCell.m */,
				7512BF8D16C2175B00B222C0 /* TripulacionCell.h */,
				7512BF8E16C2175B00B222C0 /* TripulacionCell.m */,
			);
			name = CeldasTV;
			sourceTree = "<group>";
		};
		7515A4C9164C310A00504C23 /* Resources */ = {
			isa = PBXGroup;
			children = (
				75DE9F6416EEBADD004AC7E3 /* Tutorial */,
				75086770174E9C89004DAAA9 /* bg.png */,
				758711A81680C1B900FEC282 /* atras.png */,
				758711A51680142800FEC282 /* fuerza.jpeg */,
				7556FE7F167AD92300891508 /* pdficon.png */,
				758711AA1680CCEA00FEC282 /* jpg.png */,
				7556FE7D167AD8EE00891508 /* docicon.png */,
				7556FE7B167AD8C900891508 /* ppticon.png */,
				755F9F2D16543A4E0002266B /* pdf.pdf */,
			);
			name = Resources;
			sourceTree = "<group>";
		};
		7540121C1816E69100EE43AD /* AESEncrypt */ = {
			isa = PBXGroup;
			children = (
				7540121D1816E6A700EE43AD /* AESCrypt.h */,
				7540121E1816E6A700EE43AD /* AESCrypt.m */,
				7540121F1816E6A700EE43AD /* NSData+Base64.h */,
				754012201816E6A700EE43AD /* NSData+Base64.m */,
				754012211816E6A700EE43AD /* NSData+CommonCrypto.h */,
				754012221816E6A700EE43AD /* NSData+CommonCrypto.m */,
				75E276701818970800D3571C /* NSData+AES.h */,
				75E276711818970800D3571C /* NSData+AES.m */,
				754012231816E6A700EE43AD /* NSString+Base64.h */,
				754012241816E6A700EE43AD /* NSString+Base64.m */,
			);
			name = AESEncrypt;
			sourceTree = "<group>";
		};
		754E95011630D15A002FEB37 = {
			isa = PBXGroup;
			children = (
				754E950F1630D15A002FEB37 /* Frameworks */,
				757352C616E04C710001F5EA /* logo-maletin2.png */,
				757352C416E04C5A0001F5EA /* logo-maletin.png */,
				758711AC16814C7E00FEC282 /* icon.png */,
				755F9F5016554F450002266B /* icon@2x.png */,
				75F63A8218443502000784B5 /* Crypt */,
				7540121C1816E69100EE43AD /* AESEncrypt */,
				754E95161630D15A002FEB37 /* FuerzaAerea */,
				754E950D1630D15A002FEB37 /* Products */,
				754E953A1630D15A002FEB37 /* FuerzaAereaTests */,
			);
			sourceTree = "<group>";
		};
		754E950D1630D15A002FEB37 /* Products */ = {
			isa = PBXGroup;
			children = (
				754E950C1630D15A002FEB37 /* FuerzaAerea.app */,
				754E95331630D15A002FEB37 /* FuerzaAereaTests.octest */,
			);
			name = Products;
			sourceTree = "<group>";
		};
		754E950F1630D15A002FEB37 /* Frameworks */ = {
			isa = PBXGroup;
			children = (
				75A746AA1640B7D000B30657 /* SystemConfiguration.framework */,
				755F9F3F16548A5B0002266B /* CoreTelephony.framework */,
				755F9F63165594550002266B /* QuartzCore.framework */,
				754E95101630D15A002FEB37 /* UIKit.framework */,
				754E95121630D15A002FEB37 /* Foundation.framework */,
				754E95141630D15A002FEB37 /* CoreGraphics.framework */,
				754E95341630D15A002FEB37 /* SenTestingKit.framework */,
			);
			name = Frameworks;
			sourceTree = "<group>";
		};
		754E95161630D15A002FEB37 /* FuerzaAerea */ = {
			isa = PBXGroup;
			children = (
				75F048121671605F002DB7B2 /* SubViews */,
				7553184D164BFD7700B176A2 /* JSON */,
				75A746AC1640B91D00B30657 /* Objetos */,
				7552345E164045B400D541DB /* ServerCommunicator */,
				75523466164047BB00D541DB /* AppDelegate */,
				75523467164047D300D541DB /* ViewControllers */,
				75523468164047E000D541DB /* StoryBoards */,
				7515A4C9164C310A00504C23 /* Resources */,
				754E95171630D15A002FEB37 /* Supporting Files */,
			);
			path = FuerzaAerea;
			sourceTree = "<group>";
		};
		754E95171630D15A002FEB37 /* Supporting Files */ = {
			isa = PBXGroup;
			children = (
				754E95181630D15A002FEB37 /* FuerzaAerea-Info.plist */,
				754E95191630D15A002FEB37 /* InfoPlist.strings */,
				754E951C1630D15A002FEB37 /* main.m */,
				754E951E1630D15A002FEB37 /* FuerzaAerea-Prefix.pch */,
				754E95221630D15A002FEB37 /* Default.png */,
				754E95241630D15A002FEB37 /* Default@2x.png */,
				754E95261630D15A002FEB37 /* Default-568h@2x.png */,
			);
			name = "Supporting Files";
			sourceTree = "<group>";
		};
		754E953A1630D15A002FEB37 /* FuerzaAereaTests */ = {
			isa = PBXGroup;
			children = (
				754E95401630D15A002FEB37 /* FuerzaAereaTests.h */,
				754E95411630D15A002FEB37 /* FuerzaAereaTests.m */,
				754E953B1630D15A002FEB37 /* Supporting Files */,
			);
			path = FuerzaAereaTests;
			sourceTree = "<group>";
		};
		754E953B1630D15A002FEB37 /* Supporting Files */ = {
			isa = PBXGroup;
			children = (
				754E953C1630D15A002FEB37 /* FuerzaAereaTests-Info.plist */,
				754E953D1630D15A002FEB37 /* InfoPlist.strings */,
			);
			name = "Supporting Files";
			sourceTree = "<group>";
		};
		7552345E164045B400D541DB /* ServerCommunicator */ = {
			isa = PBXGroup;
			children = (
				7552345A164045AD00D541DB /* ServerCommunicator.h */,
				7552345B164045AD00D541DB /* ServerCommunicator.m */,
				7552345F164045C600D541DB /* XMLReader.h */,
				75523460164045C600D541DB /* XMLReader.m */,
			);
			name = ServerCommunicator;
			sourceTree = "<group>";
		};
		75523466164047BB00D541DB /* AppDelegate */ = {
			isa = PBXGroup;
			children = (
				754E951F1630D15A002FEB37 /* AppDelegate.h */,
				754E95201630D15A002FEB37 /* AppDelegate.m */,
			);
			name = AppDelegate;
			sourceTree = "<group>";
		};
		75523467164047D300D541DB /* ViewControllers */ = {
			isa = PBXGroup;
			children = (
				75B6442117EBDDD000E3FA38 /* ZoomViewController.h */,
				75B6442217EBDDD000E3FA38 /* ZoomViewController.m */,
				75DE9F7316EEBB54004AC7E3 /* TutorialViewController.h */,
				75DE9F7416EEBB54004AC7E3 /* TutorialViewController.m */,
				75DE9F6116EBECC7004AC7E3 /* AdminViewController.h */,
				75DE9F6216EBECC7004AC7E3 /* AdminViewController.m */,
				754E952B1630D15A002FEB37 /* LoginViewController.h */,
				754E952C1630D15A002FEB37 /* LoginViewController.m */,
				75A746A716408FA700B30657 /* DashBoardViewController.h */,
				75A746A816408FA700B30657 /* DashBoardViewController.m */,
				7515A4CD164C327A00504C23 /* DocumentViewerController.h */,
				7515A4CE164C327A00504C23 /* DocumentViewerController.m */,
				755F9F5C16555F3C0002266B /* DetailViewController.h */,
				755F9F5D16555F3C0002266B /* DetailViewController.m */,
				7573641F16ADB11100445CB0 /* RegistroDeVuelo */,
				75F0480016712A08002DB7B2 /* OrdenDeVueloMenu */,
			);
			name = ViewControllers;
			sourceTree = "<group>";
		};
		75523468164047E000D541DB /* StoryBoards */ = {
			isa = PBXGroup;
			children = (
				754E95281630D15A002FEB37 /* MainStoryboard.storyboard */,
			);
			name = StoryBoards;
			sourceTree = "<group>";
		};
		7553184D164BFD7700B176A2 /* JSON */ = {
			isa = PBXGroup;
			children = (
				7553184E164BFD7700B176A2 /* JSON.h */,
				7553184F164BFD7700B176A2 /* NSObject+SBJSON.h */,
				75531850164BFD7700B176A2 /* NSObject+SBJSON.m */,
				75531851164BFD7700B176A2 /* NSString+SBJSON.h */,
				75531852164BFD7700B176A2 /* NSString+SBJSON.m */,
				75531853164BFD7700B176A2 /* SBJSON.h */,
				75531854164BFD7700B176A2 /* SBJSON.m */,
				75531855164BFD7700B176A2 /* SBJsonBase.h */,
				75531856164BFD7700B176A2 /* SBJsonBase.m */,
				75531857164BFD7700B176A2 /* SBJsonParser.h */,
				75531858164BFD7700B176A2 /* SBJsonParser.m */,
				75531859164BFD7700B176A2 /* SBJsonWriter.h */,
				7553185A164BFD7700B176A2 /* SBJsonWriter.m */,
			);
			path = JSON;
			sourceTree = "<group>";
		};
		7573641F16ADB11100445CB0 /* RegistroDeVuelo */ = {
			isa = PBXGroup;
			children = (
				7573642016ADB85F00445CB0 /* RegistroDeVueloViewController.h */,
				7573642116ADB85F00445CB0 /* RegistroDeVueloViewController.m */,
			);
			name = RegistroDeVuelo;
			sourceTree = "<group>";
		};
		75A1D2DA16BA1AF10013B48A /* ObjetosLista */ = {
			isa = PBXGroup;
			children = (
				75A1D2E516BA30E40013B48A /* Municipios.h */,
				75A1D2E616BA30E40013B48A /* Municipios.m */,
				75A1D2E916BA32F90013B48A /* Armamentos.h */,
				75A1D2EA16BA32F90013B48A /* Armamentos.m */,
				7512BFD116C4911F00B222C0 /* ArmamentosImpactados.h */,
				7512BFD216C4912000B222C0 /* ArmamentosImpactados.m */,
				75A1D2DB16BA1B080013B48A /* FaseVuelo.h */,
				75A1D2DC16BA1B080013B48A /* FaseVuelo.m */,
				75A1D2DE16BA2D030013B48A /* Departamentos.h */,
				75A1D2DF16BA2D030013B48A /* Departamentos.m */,
				7512BFD416C497EE00B222C0 /* TipoOperacion.h */,
				7512BFD516C497EE00B222C0 /* TipoOperacion.m */,
				7512BFE616C4A57500B222C0 /* Grupo.h */,
				7512BFE716C4A57700B222C0 /* Grupo.m */,
				7512BFD716C497FA00B222C0 /* Plan.h */,
				7512BFD816C497FA00B222C0 /* Plan.m */,
				7512BFDA16C4982D00B222C0 /* Unidades.h */,
				7512BFDB16C4982D00B222C0 /* Unidades.m */,
				7512BFDD16C4983E00B222C0 /* Maniobra.h */,
				7512BFDE16C4983E00B222C0 /* Maniobra.m */,
				7514A49516C548850093F58C /* Entidad.h */,
				7514A49616C548850093F58C /* Entidad.m */,
				7512BFE316C4998200B222C0 /* Lista.h */,
				7512BFE416C4998300B222C0 /* Lista.m */,
				7512BFE916C4B0C600B222C0 /* Enemigo.h */,
				7512BFEA16C4B0C800B222C0 /* Enemigo.m */,
				7512BFEC16C4B0D500B222C0 /* Objetivo.h */,
				7512BFED16C4B0D600B222C0 /* Objetivo.m */,
				7512BFE016C4985000B222C0 /* Operacion.h */,
				7512BFE116C4985100B222C0 /* Operacion.m */,
			);
			name = ObjetosLista;
			sourceTree = "<group>";
		};
		75A1D2EF16BB24E40013B48A /* ArmamentoPierna */ = {
			isa = PBXGroup;
			children = (
				75A1D2D316B9C6E60013B48A /* CeldaArmamento.h */,
				75A1D2D416B9C6E60013B48A /* CeldaArmamento.m */,
				75A1D2EC16BB14B60013B48A /* VistaListadoArmamento.h */,
				75A1D2ED16BB14B60013B48A /* VistaListadoArmamento.m */,
			);
			name = ArmamentoPierna;
			sourceTree = "<group>";
		};
		75A746AC1640B91D00B30657 /* Objetos */ = {
			isa = PBXGroup;
			children = (
				755F9F2116534D6E0002266B /* ImageDownloader.h */,
				755F9F2216534D6E0002266B /* ImageDownloader.m */,
				7556FE78167AC86700891508 /* FileDownloader.h */,
				7556FE79167AC86700891508 /* FileDownloader.m */,
				755F9F3C16548A2B0002266B /* DeviceInfo.h */,
				755F9F3D16548A2B0002266B /* DeviceInfo.m */,
				75926CF0166419D100B3CDD5 /* Notam.h */,
				75926CF1166419D100B3CDD5 /* Notam.m */,
				75926CF4166419E000B3CDD5 /* Metar.h */,
				75926CF5166419E000B3CDD5 /* Metar.m */,
				755F9F4516548AD40002266B /* MBProgressHud.h */,
				755F9F4616548AD40002266B /* MBProgressHud.m */,
				75DB41EA167962FA00F58DED /* Archivo.h */,
				75DB41EB167962FA00F58DED /* Archivo.m */,
				7575CA4016729C510078E354 /* FileSaver.h */,
				7575CA4116729C510078E354 /* FileSaver.m */,
				7556FE70167A8FAA00891508 /* IAmCoder.h */,
				7556FE71167A8FAA00891508 /* IAmCoder.m */,
				75A1D2DA16BA1AF10013B48A /* ObjetosLista */,
				75A95A19166ED6E30012CFA5 /* OrdenDeVuelo */,
				75DE9F5E16EBCDF0004AC7E3 /* Usuario.h */,
				75DE9F5F16EBCDF0004AC7E3 /* Usuario.m */,
			);
			name = Objetos;
			sourceTree = "<group>";
		};
		75A95A19166ED6E30012CFA5 /* OrdenDeVuelo */ = {
			isa = PBXGroup;
			children = (
				75A95A27166EDA390012CFA5 /* ModeladorDeOrdenDeVuelo.h */,
				75A95A28166EDA390012CFA5 /* ModeladorDeOrdenDeVuelo.m */,
				75A95A1B166ED6F80012CFA5 /* Principal.h */,
				75A95A1C166ED6F80012CFA5 /* Principal.m */,
				75A95A1E166ED7030012CFA5 /* Tripulacion.h */,
				75A95A1F166ED7030012CFA5 /* Tripulacion.m */,
				75A95A21166ED70A0012CFA5 /* Piernas.h */,
				75A95A22166ED70A0012CFA5 /* Piernas.m */,
				75A95A24166ED7190012CFA5 /* Armamento.h */,
				75A95A25166ED7190012CFA5 /* Armamento.m */,
				75A95A2A166EF7A00012CFA5 /* SerializadorOV.h */,
				75A95A2B166EF7A00012CFA5 /* SerializadorOV.m */,
			);
			name = OrdenDeVuelo;
			sourceTree = "<group>";
		};
		75DE9F6416EEBADD004AC7E3 /* Tutorial */ = {
			isa = PBXGroup;
			children = (
				754012181816016100EE43AD /* downArrowBlack.png */,
				754012191816016100EE43AD /* upArrowBlack.png */,
				75DE9F6516EEBAE8004AC7E3 /* 0.jpg */,
				75DE9F6616EEBAE8004AC7E3 /* 1.jpg */,
				75DE9F6716EEBAE8004AC7E3 /* 2.jpg */,
				75DE9F6816EEBAE8004AC7E3 /* 3.jpg */,
				75DE9F6A16EEBAE8004AC7E3 /* 4.jpg */,
				75DE9F6B16EEBAE8004AC7E3 /* 5.jpg */,
			);
			name = Tutorial;
			sourceTree = "<group>";
		};
		75F0480016712A08002DB7B2 /* OrdenDeVueloMenu */ = {
			isa = PBXGroup;
			children = (
				75F0480216712A31002DB7B2 /* OrdenDeVueloMenuViewController.h */,
				75F0480316712A31002DB7B2 /* OrdenDeVueloMenuViewController.m */,
				75F0481116713B5B002DB7B2 /* OrdenDeVueloSubMenu */,
			);
			name = OrdenDeVueloMenu;
			sourceTree = "<group>";
		};
		75F0481116713B5B002DB7B2 /* OrdenDeVueloSubMenu */ = {
			isa = PBXGroup;
			children = (
				75F0480516713878002DB7B2 /* ArmamentoViewController.h */,
				75F0480616713878002DB7B2 /* ArmamentoViewController.m */,
				75F0480816713886002DB7B2 /* PiernasViewController.h */,
				75F0480916713886002DB7B2 /* PiernasViewController.m */,
				75F0480B16713893002DB7B2 /* PrincipalViewController.h */,
				75F0480C16713893002DB7B2 /* PrincipalViewController.m */,
				75F0480E167138B7002DB7B2 /* TripulacionViewController.h */,
				75F0480F167138B7002DB7B2 /* TripulacionViewController.m */,
			);
			name = OrdenDeVueloSubMenu;
			sourceTree = "<group>";
		};
		75F048121671605F002DB7B2 /* SubViews */ = {
			isa = PBXGroup;
			children = (
				75A1D2EF16BB24E40013B48A /* ArmamentoPierna */,
				7512BF8316C203BF00B222C0 /* CeldasTV */,
				7573642D16AF708300445CB0 /* CeldaItinerario.h */,
				7573642E16AF708300445CB0 /* CeldaItinerario.m */,
				7573644616B5ACA800445CB0 /* CeldaCondiciones.h */,
				7573644716B5ACA800445CB0 /* CeldaCondiciones.m */,
				75A1D2D716B9E4F30013B48A /* CeldaTripulacion.h */,
				75A1D2D816B9E4F30013B48A /* CeldaTripulacion.m */,
				75A1D2F016BB25B20013B48A /* CheckView.h */,
				75A1D2F116BB25B20013B48A /* CheckView.m */,
				7512BF7F16C1F7BB00B222C0 /* TableViewViews */,
			);
			name = SubViews;
			sourceTree = "<group>";
		};
		75F63A8218443502000784B5 /* Crypt */ = {
			isa = PBXGroup;
			children = (
				75F63A8318443524000784B5 /* Cipher.h */,
				75F63A8418443524000784B5 /* Cipher.m */,
			);
			name = Crypt;
			sourceTree = "<group>";
		};
/* End PBXGroup section */

/* Begin PBXNativeTarget section */
		754E950B1630D15A002FEB37 /* FuerzaAerea */ = {
			isa = PBXNativeTarget;
			buildConfigurationList = 754E95451630D15A002FEB37 /* Build configuration list for PBXNativeTarget "FuerzaAerea" */;
			buildPhases = (
				754E95081630D15A002FEB37 /* Sources */,
				754E95091630D15A002FEB37 /* Frameworks */,
				754E950A1630D15A002FEB37 /* Resources */,
			);
			buildRules = (
			);
			dependencies = (
			);
			name = FuerzaAerea;
			productName = FuerzaAerea;
			productReference = 754E950C1630D15A002FEB37 /* FuerzaAerea.app */;
			productType = "com.apple.product-type.application";
		};
		754E95321630D15A002FEB37 /* FuerzaAereaTests */ = {
			isa = PBXNativeTarget;
			buildConfigurationList = 754E95481630D15A002FEB37 /* Build configuration list for PBXNativeTarget "FuerzaAereaTests" */;
			buildPhases = (
				754E952E1630D15A002FEB37 /* Sources */,
				754E952F1630D15A002FEB37 /* Frameworks */,
				754E95301630D15A002FEB37 /* Resources */,
				754E95311630D15A002FEB37 /* ShellScript */,
			);
			buildRules = (
			);
			dependencies = (
				754E95391630D15A002FEB37 /* PBXTargetDependency */,
			);
			name = FuerzaAereaTests;
			productName = FuerzaAereaTests;
			productReference = 754E95331630D15A002FEB37 /* FuerzaAereaTests.octest */;
			productType = "com.apple.product-type.bundle.ocunit-test";
		};
/* End PBXNativeTarget section */

/* Begin PBXProject section */
		754E95031630D15A002FEB37 /* Project object */ = {
			isa = PBXProject;
			attributes = {
				LastTestingUpgradeCheck = 0610;
				LastUpgradeCheck = 0460;
				ORGANIZATIONNAME = "Andres Abril";
			};
			buildConfigurationList = 754E95061630D15A002FEB37 /* Build configuration list for PBXProject "FuerzaAerea" */;
			compatibilityVersion = "Xcode 3.2";
			developmentRegion = English;
			hasScannedForEncodings = 0;
			knownRegions = (
				en,
			);
			mainGroup = 754E95011630D15A002FEB37;
			productRefGroup = 754E950D1630D15A002FEB37 /* Products */;
			projectDirPath = "";
			projectRoot = "";
			targets = (
				754E950B1630D15A002FEB37 /* FuerzaAerea */,
				754E95321630D15A002FEB37 /* FuerzaAereaTests */,
			);
		};
/* End PBXProject section */

/* Begin PBXResourcesBuildPhase section */
		754E950A1630D15A002FEB37 /* Resources */ = {
			isa = PBXResourcesBuildPhase;
			buildActionMask = 2147483647;
			files = (
				754E951B1630D15A002FEB37 /* InfoPlist.strings in Resources */,
				754E95231630D15A002FEB37 /* Default.png in Resources */,
				754E95251630D15A002FEB37 /* Default@2x.png in Resources */,
				754E95271630D15A002FEB37 /* Default-568h@2x.png in Resources */,
				754E952A1630D15A002FEB37 /* MainStoryboard.storyboard in Resources */,
				755F9F2E16543A4E0002266B /* pdf.pdf in Resources */,
				7556FE7C167AD8C900891508 /* ppticon.png in Resources */,
				7556FE7E167AD8EE00891508 /* docicon.png in Resources */,
				7556FE80167AD92300891508 /* pdficon.png in Resources */,
				758711A61680142800FEC282 /* fuerza.jpeg in Resources */,
				758711A91680C1B900FEC282 /* atras.png in Resources */,
				758711AB1680CCEA00FEC282 /* jpg.png in Resources */,
				757352C516E04C5A0001F5EA /* logo-maletin.png in Resources */,
				757352C716E04C710001F5EA /* logo-maletin2.png in Resources */,
				75DE9F6C16EEBAE8004AC7E3 /* 0.jpg in Resources */,
				75DE9F6D16EEBAE8004AC7E3 /* 1.jpg in Resources */,
				75DE9F6E16EEBAE8004AC7E3 /* 2.jpg in Resources */,
				75DE9F6F16EEBAE8004AC7E3 /* 3.jpg in Resources */,
				75DE9F7116EEBAE8004AC7E3 /* 4.jpg in Resources */,
				75DE9F7216EEBAE8004AC7E3 /* 5.jpg in Resources */,
				75086771174E9C89004DAAA9 /* bg.png in Resources */,
				7540121A1816016100EE43AD /* downArrowBlack.png in Resources */,
				7540121B1816016100EE43AD /* upArrowBlack.png in Resources */,
			);
			runOnlyForDeploymentPostprocessing = 0;
		};
		754E95301630D15A002FEB37 /* Resources */ = {
			isa = PBXResourcesBuildPhase;
			buildActionMask = 2147483647;
			files = (
				754E953F1630D15A002FEB37 /* InfoPlist.strings in Resources */,
			);
			runOnlyForDeploymentPostprocessing = 0;
		};
/* End PBXResourcesBuildPhase section */

/* Begin PBXShellScriptBuildPhase section */
		754E95311630D15A002FEB37 /* ShellScript */ = {
			isa = PBXShellScriptBuildPhase;
			buildActionMask = 2147483647;
			files = (
			);
			inputPaths = (
			);
			outputPaths = (
			);
			runOnlyForDeploymentPostprocessing = 0;
			shellPath = /bin/sh;
			shellScript = "# Run the unit tests in this test bundle.\n\"${SYSTEM_DEVELOPER_DIR}/Tools/RunUnitTests\"\n";
		};
/* End PBXShellScriptBuildPhase section */

/* Begin PBXSourcesBuildPhase section */
		754E95081630D15A002FEB37 /* Sources */ = {
			isa = PBXSourcesBuildPhase;
			buildActionMask = 2147483647;
			files = (
				754E951D1630D15A002FEB37 /* main.m in Sources */,
				754E95211630D15A002FEB37 /* AppDelegate.m in Sources */,
				754E952D1630D15A002FEB37 /* LoginViewController.m in Sources */,
				7552345C164045AE00D541DB /* ServerCommunicator.m in Sources */,
				75523461164045C600D541DB /* XMLReader.m in Sources */,
				75A746A916408FA700B30657 /* DashBoardViewController.m in Sources */,
				7553185B164BFD7700B176A2 /* NSObject+SBJSON.m in Sources */,
				7553185C164BFD7700B176A2 /* NSString+SBJSON.m in Sources */,
				7553185D164BFD7700B176A2 /* SBJSON.m in Sources */,
				7553185E164BFD7700B176A2 /* SBJsonBase.m in Sources */,
				7553185F164BFD7700B176A2 /* SBJsonParser.m in Sources */,
				75531860164BFD7700B176A2 /* SBJsonWriter.m in Sources */,
				7515A4CF164C327A00504C23 /* DocumentViewerController.m in Sources */,
				755F9F2316534D6E0002266B /* ImageDownloader.m in Sources */,
				755F9F3E16548A2B0002266B /* DeviceInfo.m in Sources */,
				755F9F4716548AD40002266B /* MBProgressHud.m in Sources */,
				755F9F5E16555F3D0002266B /* DetailViewController.m in Sources */,
				75926CF2166419D100B3CDD5 /* Notam.m in Sources */,
				75926CF6166419E000B3CDD5 /* Metar.m in Sources */,
				75A95A1D166ED6F80012CFA5 /* Principal.m in Sources */,
				75A95A20166ED7030012CFA5 /* Tripulacion.m in Sources */,
				75A95A23166ED70A0012CFA5 /* Piernas.m in Sources */,
				75A95A26166ED7190012CFA5 /* Armamento.m in Sources */,
				75A95A29166EDA390012CFA5 /* ModeladorDeOrdenDeVuelo.m in Sources */,
				75A95A2C166EF7A00012CFA5 /* SerializadorOV.m in Sources */,
				75F0480416712A31002DB7B2 /* OrdenDeVueloMenuViewController.m in Sources */,
				75F0480716713878002DB7B2 /* ArmamentoViewController.m in Sources */,
				75F0480A16713886002DB7B2 /* PiernasViewController.m in Sources */,
				75F0480D16713893002DB7B2 /* PrincipalViewController.m in Sources */,
				75F04810167138B7002DB7B2 /* TripulacionViewController.m in Sources */,
				75F0481516716081002DB7B2 /* PiernasCell.m in Sources */,
				7575CA4216729C510078E354 /* FileSaver.m in Sources */,
				75DB41EC167962FA00F58DED /* Archivo.m in Sources */,
				7556FE72167A8FAA00891508 /* IAmCoder.m in Sources */,
				7556FE7A167AC86700891508 /* FileDownloader.m in Sources */,
				7573642216ADB85F00445CB0 /* RegistroDeVueloViewController.m in Sources */,
				7573642F16AF708300445CB0 /* CeldaItinerario.m in Sources */,
				7573644816B5ACA800445CB0 /* CeldaCondiciones.m in Sources */,
				75A1D2D516B9C6E60013B48A /* CeldaArmamento.m in Sources */,
				75A1D2D916B9E4F30013B48A /* CeldaTripulacion.m in Sources */,
				75A1D2DD16BA1B080013B48A /* FaseVuelo.m in Sources */,
				75A1D2E016BA2D030013B48A /* Departamentos.m in Sources */,
				75A1D2E716BA30E40013B48A /* Municipios.m in Sources */,
				75A1D2EB16BA32F90013B48A /* Armamentos.m in Sources */,
				75A1D2EE16BB14B60013B48A /* VistaListadoArmamento.m in Sources */,
				75A1D2F216BB25B20013B48A /* CheckView.m in Sources */,
				7512BF8216C1F7F800B222C0 /* PiernasTableSubView.m in Sources */,
				7512BF8616C2041800B222C0 /* PiernasCell2.m in Sources */,
				7512BF8916C2145300B222C0 /* ArmamentoTableSubView.m in Sources */,
				7512BF8C16C2149A00B222C0 /* ArmamentoCell.m in Sources */,
				7512BF8F16C2175B00B222C0 /* TripulacionCell.m in Sources */,
				7512BF9216C217F800B222C0 /* TripulacionTableSubView.m in Sources */,
				7512BFD316C4912000B222C0 /* ArmamentosImpactados.m in Sources */,
				7512BFD616C497EF00B222C0 /* TipoOperacion.m in Sources */,
				7512BFD916C497FB00B222C0 /* Plan.m in Sources */,
				7512BFDC16C4982D00B222C0 /* Unidades.m in Sources */,
				7512BFDF16C4983F00B222C0 /* Maniobra.m in Sources */,
				7512BFE216C4985200B222C0 /* Operacion.m in Sources */,
				7512BFE516C4998400B222C0 /* Lista.m in Sources */,
				7512BFE816C4A57800B222C0 /* Grupo.m in Sources */,
				7512BFEB16C4B0C900B222C0 /* Enemigo.m in Sources */,
				7512BFEE16C4B0D900B222C0 /* Objetivo.m in Sources */,
				7514A49716C548850093F58C /* Entidad.m in Sources */,
				75DE9F6016EBCDF0004AC7E3 /* Usuario.m in Sources */,
				75DE9F6316EBECC7004AC7E3 /* AdminViewController.m in Sources */,
				75DE9F7516EEBB54004AC7E3 /* TutorialViewController.m in Sources */,
				75B6442317EBDDD000E3FA38 /* ZoomViewController.m in Sources */,
				754012251816E6A700EE43AD /* AESCrypt.m in Sources */,
				754012261816E6A700EE43AD /* NSData+Base64.m in Sources */,
				754012271816E6A700EE43AD /* NSData+CommonCrypto.m in Sources */,
				754012281816E6A700EE43AD /* NSString+Base64.m in Sources */,
				75E276721818970800D3571C /* NSData+AES.m in Sources */,
				75F63A8518443524000784B5 /* Cipher.m in Sources */,
			);
			runOnlyForDeploymentPostprocessing = 0;
		};
		754E952E1630D15A002FEB37 /* Sources */ = {
			isa = PBXSourcesBuildPhase;
			buildActionMask = 2147483647;
			files = (
				754E95421630D15A002FEB37 /* FuerzaAereaTests.m in Sources */,
			);
			runOnlyForDeploymentPostprocessing = 0;
		};
/* End PBXSourcesBuildPhase section */

/* Begin PBXTargetDependency section */
		754E95391630D15A002FEB37 /* PBXTargetDependency */ = {
			isa = PBXTargetDependency;
			target = 754E950B1630D15A002FEB37 /* FuerzaAerea */;
			targetProxy = 754E95381630D15A002FEB37 /* PBXContainerItemProxy */;
		};
/* End PBXTargetDependency section */

/* Begin PBXVariantGroup section */
		754E95191630D15A002FEB37 /* InfoPlist.strings */ = {
			isa = PBXVariantGroup;
			children = (
				754E951A1630D15A002FEB37 /* en */,
			);
			name = InfoPlist.strings;
			sourceTree = "<group>";
		};
		754E95281630D15A002FEB37 /* MainStoryboard.storyboard */ = {
			isa = PBXVariantGroup;
			children = (
				754E95291630D15A002FEB37 /* en */,
			);
			name = MainStoryboard.storyboard;
			sourceTree = "<group>";
		};
		754E953D1630D15A002FEB37 /* InfoPlist.strings */ = {
			isa = PBXVariantGroup;
			children = (
				754E953E1630D15A002FEB37 /* en */,
			);
			name = InfoPlist.strings;
			sourceTree = "<group>";
		};
/* End PBXVariantGroup section */

/* Begin XCBuildConfiguration section */
		754E95431630D15A002FEB37 /* Debug */ = {
			isa = XCBuildConfiguration;
			buildSettings = {
				ALWAYS_SEARCH_USER_PATHS = NO;
				CLANG_CXX_LANGUAGE_STANDARD = "gnu++0x";
				CLANG_CXX_LIBRARY = "libc++";
				CLANG_ENABLE_OBJC_ARC = YES;
				CLANG_WARN_EMPTY_BODY = YES;
				CLANG_WARN__DUPLICATE_METHOD_MATCH = YES;
				"CODE_SIGN_IDENTITY[sdk=iphoneos*]" = "iPhone Developer";
				COPY_PHASE_STRIP = NO;
				GCC_C_LANGUAGE_STANDARD = gnu99;
				GCC_DYNAMIC_NO_PIC = NO;
				GCC_OPTIMIZATION_LEVEL = 0;
				GCC_PREPROCESSOR_DEFINITIONS = (
					"DEBUG=1",
					"$(inherited)",
				);
				GCC_SYMBOLS_PRIVATE_EXTERN = NO;
				GCC_WARN_ABOUT_RETURN_TYPE = YES;
				GCC_WARN_UNINITIALIZED_AUTOS = YES;
				GCC_WARN_UNUSED_VARIABLE = YES;
				IPHONEOS_DEPLOYMENT_TARGET = 6.1;
				ONLY_ACTIVE_ARCH = YES;
				SDKROOT = iphoneos6.1;
				TARGETED_DEVICE_FAMILY = 2;
			};
			name = Debug;
		};
		754E95441630D15A002FEB37 /* Release */ = {
			isa = XCBuildConfiguration;
			buildSettings = {
				ALWAYS_SEARCH_USER_PATHS = NO;
				CLANG_CXX_LANGUAGE_STANDARD = "gnu++0x";
				CLANG_CXX_LIBRARY = "libc++";
				CLANG_ENABLE_OBJC_ARC = YES;
				CLANG_WARN_EMPTY_BODY = YES;
				CLANG_WARN__DUPLICATE_METHOD_MATCH = YES;
				"CODE_SIGN_IDENTITY[sdk=iphoneos*]" = "iPhone Developer";
				COPY_PHASE_STRIP = YES;
				GCC_C_LANGUAGE_STANDARD = gnu99;
				GCC_WARN_ABOUT_RETURN_TYPE = YES;
				GCC_WARN_UNINITIALIZED_AUTOS = YES;
				GCC_WARN_UNUSED_VARIABLE = YES;
				IPHONEOS_DEPLOYMENT_TARGET = 6.1;
				OTHER_CFLAGS = "-DNS_BLOCK_ASSERTIONS=1";
				SDKROOT = iphoneos6.1;
				TARGETED_DEVICE_FAMILY = 2;
				VALIDATE_PRODUCT = YES;
			};
			name = Release;
		};
		754E95461630D15A002FEB37 /* Debug */ = {
			isa = XCBuildConfiguration;
			buildSettings = {
				CODE_SIGN_IDENTITY = "iPhone Developer: Andres Abril (B5HW87Q346)";
				"CODE_SIGN_IDENTITY[sdk=iphoneos*]" = "iPhone Developer: Andres Abril (B5HW87Q346)";
				GCC_PRECOMPILE_PREFIX_HEADER = YES;
				GCC_PREFIX_HEADER = "FuerzaAerea/FuerzaAerea-Prefix.pch";
				INFOPLIST_FILE = "FuerzaAerea/FuerzaAerea-Info.plist";
				IPHONEOS_DEPLOYMENT_TARGET = 6.0;
				PRODUCT_NAME = "$(TARGET_NAME)";
				PROVISIONING_PROFILE = "2BDC8C81-1E8F-40C5-BA12-963B0F68D818";
				"PROVISIONING_PROFILE[sdk=iphoneos*]" = "2BDC8C81-1E8F-40C5-BA12-963B0F68D818";
				SDKROOT = iphoneos6.1;
				VALID_ARCHS = "armv7 armv7s";
				WRAPPER_EXTENSION = app;
			};
			name = Debug;
		};
		754E95471630D15A002FEB37 /* Release */ = {
			isa = XCBuildConfiguration;
			buildSettings = {
				CODE_SIGN_IDENTITY = "iPhone Distribution: fuerza aerea colombiana";
				"CODE_SIGN_IDENTITY[sdk=iphoneos*]" = "iPhone Distribution: fuerza aerea colombiana";
				GCC_PRECOMPILE_PREFIX_HEADER = YES;
				GCC_PREFIX_HEADER = "FuerzaAerea/FuerzaAerea-Prefix.pch";
				INFOPLIST_FILE = "FuerzaAerea/FuerzaAerea-Info.plist";
				IPHONEOS_DEPLOYMENT_TARGET = 6.0;
				PRODUCT_NAME = "$(TARGET_NAME)";
				PROVISIONING_PROFILE = "8d44f29f-eda4-4701-a2ff-9fc06d5d1b3d";
				"PROVISIONING_PROFILE[sdk=iphoneos*]" = "8d44f29f-eda4-4701-a2ff-9fc06d5d1b3d";
				SDKROOT = iphoneos6.1;
				VALID_ARCHS = "armv7 armv7s";
				WRAPPER_EXTENSION = app;
			};
			name = Release;
		};
		754E95491630D15A002FEB37 /* Debug */ = {
			isa = XCBuildConfiguration;
			buildSettings = {
				BUNDLE_LOADER = "$(BUILT_PRODUCTS_DIR)/FuerzaAerea.app/FuerzaAerea";
				FRAMEWORK_SEARCH_PATHS = (
					"\"$(SDKROOT)/Developer/Library/Frameworks\"",
					"\"$(DEVELOPER_LIBRARY_DIR)/Frameworks\"",
				);
				GCC_PRECOMPILE_PREFIX_HEADER = YES;
				GCC_PREFIX_HEADER = "FuerzaAerea/FuerzaAerea-Prefix.pch";
				INFOPLIST_FILE = "FuerzaAereaTests/FuerzaAereaTests-Info.plist";
				PRODUCT_NAME = "$(TARGET_NAME)";
				TEST_HOST = "$(BUNDLE_LOADER)";
				WRAPPER_EXTENSION = octest;
			};
			name = Debug;
		};
		754E954A1630D15A002FEB37 /* Release */ = {
			isa = XCBuildConfiguration;
			buildSettings = {
				BUNDLE_LOADER = "$(BUILT_PRODUCTS_DIR)/FuerzaAerea.app/FuerzaAerea";
				FRAMEWORK_SEARCH_PATHS = (
					"\"$(SDKROOT)/Developer/Library/Frameworks\"",
					"\"$(DEVELOPER_LIBRARY_DIR)/Frameworks\"",
				);
				GCC_PRECOMPILE_PREFIX_HEADER = YES;
				GCC_PREFIX_HEADER = "FuerzaAerea/FuerzaAerea-Prefix.pch";
				INFOPLIST_FILE = "FuerzaAereaTests/FuerzaAereaTests-Info.plist";
				PRODUCT_NAME = "$(TARGET_NAME)";
				TEST_HOST = "$(BUNDLE_LOADER)";
				WRAPPER_EXTENSION = octest;
			};
			name = Release;
		};
		75E9B3B219745DAE00D64FD0 /* Distribution */ = {
			isa = XCBuildConfiguration;
			buildSettings = {
				ALWAYS_SEARCH_USER_PATHS = NO;
				CLANG_CXX_LANGUAGE_STANDARD = "gnu++0x";
				CLANG_CXX_LIBRARY = "libc++";
				CLANG_ENABLE_OBJC_ARC = YES;
				CLANG_WARN_EMPTY_BODY = YES;
				CLANG_WARN__DUPLICATE_METHOD_MATCH = YES;
				"CODE_SIGN_IDENTITY[sdk=iphoneos*]" = "iPhone Developer";
				COPY_PHASE_STRIP = YES;
				GCC_C_LANGUAGE_STANDARD = gnu99;
				GCC_WARN_ABOUT_RETURN_TYPE = YES;
				GCC_WARN_UNINITIALIZED_AUTOS = YES;
				GCC_WARN_UNUSED_VARIABLE = YES;
				IPHONEOS_DEPLOYMENT_TARGET = 6.1;
				OTHER_CFLAGS = "-DNS_BLOCK_ASSERTIONS=1";
				SDKROOT = iphoneos6.1;
				TARGETED_DEVICE_FAMILY = 2;
				VALIDATE_PRODUCT = YES;
			};
			name = Distribution;
		};
		75E9B3B319745DAE00D64FD0 /* Distribution */ = {
			isa = XCBuildConfiguration;
			buildSettings = {
				CODE_SIGN_IDENTITY = "iPhone Distribution: fuerza aerea colombiana";
				"CODE_SIGN_IDENTITY[sdk=iphoneos*]" = "iPhone Distribution: fuerza aerea colombiana";
				GCC_PRECOMPILE_PREFIX_HEADER = YES;
				GCC_PREFIX_HEADER = "FuerzaAerea/FuerzaAerea-Prefix.pch";
				INFOPLIST_FILE = "FuerzaAerea/FuerzaAerea-Info.plist";
				IPHONEOS_DEPLOYMENT_TARGET = 6.0;
				PRODUCT_NAME = "$(TARGET_NAME)";
				PROVISIONING_PROFILE = "ff3b546c-5199-4251-98d0-5ecc1ae5d02d";
				"PROVISIONING_PROFILE[sdk=iphoneos*]" = "ff3b546c-5199-4251-98d0-5ecc1ae5d02d";
				SDKROOT = iphoneos6.1;
				VALID_ARCHS = "armv7 armv7s";
				WRAPPER_EXTENSION = app;
			};
			name = Distribution;
		};
		75E9B3B419745DAE00D64FD0 /* Distribution */ = {
			isa = XCBuildConfiguration;
			buildSettings = {
				BUNDLE_LOADER = "$(BUILT_PRODUCTS_DIR)/FuerzaAerea.app/FuerzaAerea";
				FRAMEWORK_SEARCH_PATHS = (
					"\"$(SDKROOT)/Developer/Library/Frameworks\"",
					"\"$(DEVELOPER_LIBRARY_DIR)/Frameworks\"",
				);
				GCC_PRECOMPILE_PREFIX_HEADER = YES;
				GCC_PREFIX_HEADER = "FuerzaAerea/FuerzaAerea-Prefix.pch";
				INFOPLIST_FILE = "FuerzaAereaTests/FuerzaAereaTests-Info.plist";
				PRODUCT_NAME = "$(TARGET_NAME)";
				TEST_HOST = "$(BUNDLE_LOADER)";
				WRAPPER_EXTENSION = octest;
			};
			name = Distribution;
		};
/* End XCBuildConfiguration section */

/* Begin XCConfigurationList section */
		754E95061630D15A002FEB37 /* Build configuration list for PBXProject "FuerzaAerea" */ = {
			isa = XCConfigurationList;
			buildConfigurations = (
				754E95431630D15A002FEB37 /* Debug */,
				754E95441630D15A002FEB37 /* Release */,
				75E9B3B219745DAE00D64FD0 /* Distribution */,
			);
			defaultConfigurationIsVisible = 0;
			defaultConfigurationName = Release;
		};
		754E95451630D15A002FEB37 /* Build configuration list for PBXNativeTarget "FuerzaAerea" */ = {
			isa = XCConfigurationList;
			buildConfigurations = (
				754E95461630D15A002FEB37 /* Debug */,
				754E95471630D15A002FEB37 /* Release */,
				75E9B3B319745DAE00D64FD0 /* Distribution */,
			);
			defaultConfigurationIsVisible = 0;
			defaultConfigurationName = Release;
		};
		754E95481630D15A002FEB37 /* Build configuration list for PBXNativeTarget "FuerzaAereaTests" */ = {
			isa = XCConfigurationList;
			buildConfigurations = (
				754E95491630D15A002FEB37 /* Debug */,
				754E954A1630D15A002FEB37 /* Release */,
				75E9B3B419745DAE00D64FD0 /* Distribution */,
			);
			defaultConfigurationIsVisible = 0;
			defaultConfigurationName = Release;
		};
/* End XCConfigurationList section */
	};
	rootObject = 754E95031630D15A002FEB37 /* Project object */;
}
